// !$*UTF8*$!
{
	archiveVersion = 1;
	classes = {
	};
	objectVersion = 54;
	objects = {

/* Begin PBXBuildFile section */
		04040AAC28E2FA5C00ABBF06 /* ImageName.swift in Sources */ = {isa = PBXBuildFile; fileRef = 04040AAB28E2FA5C00ABBF06 /* ImageName.swift */; };
		04040AB428E2FBF100ABBF06 /* UIFont-Extensiont.swift in Sources */ = {isa = PBXBuildFile; fileRef = 04040AB328E2FBF100ABBF06 /* UIFont-Extensiont.swift */; };
		04040AC828E3008600ABBF06 /* Profile.swift in Sources */ = {isa = PBXBuildFile; fileRef = 04040AC728E3008600ABBF06 /* Profile.swift */; };
		040A24BF2869AC7400F92978 /* UpComing.swift in Sources */ = {isa = PBXBuildFile; fileRef = 040A24BE2869AC7400F92978 /* UpComing.swift */; };
		0418F04228F6B92100A84C87 /* DisplayTableCell.swift in Sources */ = {isa = PBXBuildFile; fileRef = 0418F04128F6B92100A84C87 /* DisplayTableCell.swift */; };
		0418F04A28F6BC1F00A84C87 /* DisplayCollectionCell.swift in Sources */ = {isa = PBXBuildFile; fileRef = 0418F04928F6BC1F00A84C87 /* DisplayCollectionCell.swift */; };
		0418F04F28F6BDF800A84C87 /* LoadingTextView.swift in Sources */ = {isa = PBXBuildFile; fileRef = 0418F04E28F6BDF800A84C87 /* LoadingTextView.swift */; };
		0418F08828F72A8B00A84C87 /* TransitionDelegate.swift in Sources */ = {isa = PBXBuildFile; fileRef = 0418F08728F72A8B00A84C87 /* TransitionDelegate.swift */; };
		0418F08E28F72B7800A84C87 /* NavigationDelegate.swift in Sources */ = {isa = PBXBuildFile; fileRef = 0418F08D28F72B7800A84C87 /* NavigationDelegate.swift */; };
		0419E4E828ED3119002E657C /* YoutubeSearchResponse.swift in Sources */ = {isa = PBXBuildFile; fileRef = 0419E4E728ED3119002E657C /* YoutubeSearchResponse.swift */; };
		0419E4EF28ED3238002E657C /* PlayerViewController.swift in Sources */ = {isa = PBXBuildFile; fileRef = 0419E4ED28ED3238002E657C /* PlayerViewController.swift */; };
		0419E4F028ED3238002E657C /* PlayerViewController.xib in Resources */ = {isa = PBXBuildFile; fileRef = 0419E4EE28ED3238002E657C /* PlayerViewController.xib */; };
		0419E4F628ED52DA002E657C /* FilmItem+CoreDataProperties.swift in Sources */ = {isa = PBXBuildFile; fileRef = 0419E4F428ED52DA002E657C /* FilmItem+CoreDataProperties.swift */; };
		0419E4F728ED52DA002E657C /* FilmItem+CoreDataClass.swift in Sources */ = {isa = PBXBuildFile; fileRef = 0419E4F528ED52DA002E657C /* FilmItem+CoreDataClass.swift */; };
		0423F2DE2869B4B00075903B /* UpCommingTableViewCell.swift in Sources */ = {isa = PBXBuildFile; fileRef = 0423F2DC2869B4B00075903B /* UpCommingTableViewCell.swift */; };
		0423F2DF2869B4B00075903B /* UpCommingTableViewCell.xib in Resources */ = {isa = PBXBuildFile; fileRef = 0423F2DD2869B4B00075903B /* UpCommingTableViewCell.xib */; };
		0423F2FE2869F3750075903B /* SearchResultViewController.swift in Sources */ = {isa = PBXBuildFile; fileRef = 0423F2FC2869F3750075903B /* SearchResultViewController.swift */; };
		0423F2FF2869F3750075903B /* SearchResultViewController.xib in Resources */ = {isa = PBXBuildFile; fileRef = 0423F2FD2869F3750075903B /* SearchResultViewController.xib */; };
		04248A7528D191AC00CD0876 /* UIView-Extension.swift in Sources */ = {isa = PBXBuildFile; fileRef = 04248A7428D191AC00CD0876 /* UIView-Extension.swift */; };
		04248A7D28D1D52500CD0876 /* FilmDetailPopUpViewController.swift in Sources */ = {isa = PBXBuildFile; fileRef = 04248A7B28D1D52500CD0876 /* FilmDetailPopUpViewController.swift */; };
		04248A7E28D1D52500CD0876 /* FilmDetailPopUpViewController.xib in Resources */ = {isa = PBXBuildFile; fileRef = 04248A7C28D1D52500CD0876 /* FilmDetailPopUpViewController.xib */; };
		043300F128F54E41005C061A /* SimpleOver.swift in Sources */ = {isa = PBXBuildFile; fileRef = 043300F028F54E41005C061A /* SimpleOver.swift */; };
		043300FB28F56475005C061A /* ListsViewController.swift in Sources */ = {isa = PBXBuildFile; fileRef = 043300F928F56475005C061A /* ListsViewController.swift */; };
		043300FC28F56475005C061A /* ListsViewController.xib in Resources */ = {isa = PBXBuildFile; fileRef = 043300FA28F56475005C061A /* ListsViewController.xib */; };
		0433010628F5656F005C061A /* ListsTableViewCell.swift in Sources */ = {isa = PBXBuildFile; fileRef = 0433010428F5656F005C061A /* ListsTableViewCell.swift */; };
		0433010728F5656F005C061A /* ListsTableViewCell.xib in Resources */ = {isa = PBXBuildFile; fileRef = 0433010528F5656F005C061A /* ListsTableViewCell.xib */; };
		0433010E28F58C16005C061A /* DetailWatchListViewController.swift in Sources */ = {isa = PBXBuildFile; fileRef = 0433010C28F58C16005C061A /* DetailWatchListViewController.swift */; };
		0433010F28F58C16005C061A /* DetailWatchListViewController.xib in Resources */ = {isa = PBXBuildFile; fileRef = 0433010D28F58C16005C061A /* DetailWatchListViewController.xib */; };
		04345A3A28E5A3600071E481 /* GenresResponse.swift in Sources */ = {isa = PBXBuildFile; fileRef = 04345A3928E5A3600071E481 /* GenresResponse.swift */; };
		0438CF2F2900734C0000C00E /* LibraryCollectionViewCell.swift in Sources */ = {isa = PBXBuildFile; fileRef = 0438CF2D2900734C0000C00E /* LibraryCollectionViewCell.swift */; };
		0438CF302900734C0000C00E /* LibraryCollectionViewCell.xib in Resources */ = {isa = PBXBuildFile; fileRef = 0438CF2E2900734C0000C00E /* LibraryCollectionViewCell.xib */; };
		0438CF3A290077660000C00E /* LibraryCollectionViewCellCell.swift in Sources */ = {isa = PBXBuildFile; fileRef = 0438CF38290077660000C00E /* LibraryCollectionViewCellCell.swift */; };
		0438CF3B290077660000C00E /* LibraryCollectionViewCellCell.xib in Resources */ = {isa = PBXBuildFile; fileRef = 0438CF39290077660000C00E /* LibraryCollectionViewCellCell.xib */; };
		043B35F628E7048000340D1D /* UIImageView-Extension.swift in Sources */ = {isa = PBXBuildFile; fileRef = 043B35F528E7048000340D1D /* UIImageView-Extension.swift */; };
		04474D6E28FC399B00A7FC94 /* LogoutTableViewCell.swift in Sources */ = {isa = PBXBuildFile; fileRef = 04474D6C28FC399B00A7FC94 /* LogoutTableViewCell.swift */; };
		04474D6F28FC399B00A7FC94 /* LogoutTableViewCell.xib in Resources */ = {isa = PBXBuildFile; fileRef = 04474D6D28FC399B00A7FC94 /* LogoutTableViewCell.xib */; };
		04474D7428FC8C3200A7FC94 /* SimilarFilmResponse.swift in Sources */ = {isa = PBXBuildFile; fileRef = 04474D7328FC8C3200A7FC94 /* SimilarFilmResponse.swift */; };
		04474D7A28FC8F0000A7FC94 /* ShowMoreTableViewCell.swift in Sources */ = {isa = PBXBuildFile; fileRef = 04474D7828FC8F0000A7FC94 /* ShowMoreTableViewCell.swift */; };
		04474D7B28FC8F0000A7FC94 /* ShowMoreTableViewCell.xib in Resources */ = {isa = PBXBuildFile; fileRef = 04474D7928FC8F0000A7FC94 /* ShowMoreTableViewCell.xib */; };
		0448E54428F7D15400461086 /* ShakeButton.swift in Sources */ = {isa = PBXBuildFile; fileRef = 0448E54328F7D15400461086 /* ShakeButton.swift */; };
		044A9F2628F0942400761933 /* LocalizationSystem.swift in Sources */ = {isa = PBXBuildFile; fileRef = 044A9F2528F0942400761933 /* LocalizationSystem.swift */; };
		044C985528F42DFA00D09CBE /* Language.swift in Sources */ = {isa = PBXBuildFile; fileRef = 044C985428F42DFA00D09CBE /* Language.swift */; };
		044C985D28F42E7000D09CBE /* Languages.swift in Sources */ = {isa = PBXBuildFile; fileRef = 044C985C28F42E7000D09CBE /* Languages.swift */; };
		045007C028F956A1000D4B97 /* CustomAlertViewController.swift in Sources */ = {isa = PBXBuildFile; fileRef = 045007BF28F956A1000D4B97 /* CustomAlertViewController.swift */; };
		04546ADE28D1E9D2002F894B /* DetailFilmButton.swift in Sources */ = {isa = PBXBuildFile; fileRef = 04546ADD28D1E9D2002F894B /* DetailFilmButton.swift */; };
		0457F01C28D21E4800DDE8B9 /* DataManager.swift in Sources */ = {isa = PBXBuildFile; fileRef = 0457F01B28D21E4800DDE8B9 /* DataManager.swift */; };
		045A3ADA286779DB000F84DE /* AppDelegate.swift in Sources */ = {isa = PBXBuildFile; fileRef = 045A3AD9286779DB000F84DE /* AppDelegate.swift */; };
		045A3AE3286779DF000F84DE /* Assets.xcassets in Resources */ = {isa = PBXBuildFile; fileRef = 045A3AE2286779DF000F84DE /* Assets.xcassets */; };
		045A3AE6286779DF000F84DE /* LaunchScreen.storyboard in Resources */ = {isa = PBXBuildFile; fileRef = 045A3AE4286779DF000F84DE /* LaunchScreen.storyboard */; };
		045A3AF1286779DF000F84DE /* NetFlixTests.swift in Sources */ = {isa = PBXBuildFile; fileRef = 045A3AF0286779DF000F84DE /* NetFlixTests.swift */; };
		045A3AFC286779DF000F84DE /* NetFlixUITests.swift in Sources */ = {isa = PBXBuildFile; fileRef = 045A3AFB286779DF000F84DE /* NetFlixUITests.swift */; };
		045A3B1F28677BFD000F84DE /* MainTabBarViewController.swift in Sources */ = {isa = PBXBuildFile; fileRef = 045A3B1E28677BFD000F84DE /* MainTabBarViewController.swift */; };
		045F646A28FB191C001B266E /* CarouselCollectionViewCell.swift in Sources */ = {isa = PBXBuildFile; fileRef = 045F646828FB191B001B266E /* CarouselCollectionViewCell.swift */; };
		045F646B28FB191C001B266E /* CarouselCollectionViewCell.xib in Resources */ = {isa = PBXBuildFile; fileRef = 045F646928FB191B001B266E /* CarouselCollectionViewCell.xib */; };
		0464F3E728694C95008F6015 /* CollectionTableViewCell.swift in Sources */ = {isa = PBXBuildFile; fileRef = 0464F3E528694C95008F6015 /* CollectionTableViewCell.swift */; };
		0464F3E828694C95008F6015 /* CollectionTableViewCell.xib in Resources */ = {isa = PBXBuildFile; fileRef = 0464F3E628694C95008F6015 /* CollectionTableViewCell.xib */; };
		0464F3EE28694CC9008F6015 /* CollectionViewCell.swift in Sources */ = {isa = PBXBuildFile; fileRef = 0464F3EC28694CC9008F6015 /* CollectionViewCell.swift */; };
		0464F3EF28694CC9008F6015 /* CollectionViewCell.xib in Resources */ = {isa = PBXBuildFile; fileRef = 0464F3ED28694CC9008F6015 /* CollectionViewCell.xib */; };
		0464F3FA2869513C008F6015 /* HeaderView.swift in Sources */ = {isa = PBXBuildFile; fileRef = 0464F3F92869513C008F6015 /* HeaderView.swift */; };
		0464F40328695CEB008F6015 /* Trending.swift in Sources */ = {isa = PBXBuildFile; fileRef = 0464F40228695CEB008F6015 /* Trending.swift */; };
		0464F410286963FE008F6015 /* Film.swift in Sources */ = {isa = PBXBuildFile; fileRef = 0464F40F286963FE008F6015 /* Film.swift */; };
		046A8C5928EB2A760052666E /* SimpleTransform.swift in Sources */ = {isa = PBXBuildFile; fileRef = 046A8C5828EB2A760052666E /* SimpleTransform.swift */; };
		04754F9328D03AC2002C5C72 /* DiscoveryButton.swift in Sources */ = {isa = PBXBuildFile; fileRef = 04754F9228D03AC2002C5C72 /* DiscoveryButton.swift */; };
		047ED7B728E014950006F6B3 /* String-Extension.swift in Sources */ = {isa = PBXBuildFile; fileRef = 047ED7B628E014950006F6B3 /* String-Extension.swift */; };
		0481B8F028E07C440039BD7B /* CreatLabelView.swift in Sources */ = {isa = PBXBuildFile; fileRef = 0481B8EF28E07C440039BD7B /* CreatLabelView.swift */; };
		0481B8F628E0A3CA0039BD7B /* SearchResultCollectionViewCell.swift in Sources */ = {isa = PBXBuildFile; fileRef = 0481B8F428E0A3C90039BD7B /* SearchResultCollectionViewCell.swift */; };
		0481B8F728E0A3CA0039BD7B /* SearchResultCollectionViewCell.xib in Resources */ = {isa = PBXBuildFile; fileRef = 0481B8F528E0A3CA0039BD7B /* SearchResultCollectionViewCell.xib */; };
		0484EB2928D34FB90007A268 /* ProfileViewController.swift in Sources */ = {isa = PBXBuildFile; fileRef = 0484EB2728D34FB90007A268 /* ProfileViewController.swift */; };
		0484EB2A28D34FB90007A268 /* ProfileViewController.xib in Resources */ = {isa = PBXBuildFile; fileRef = 0484EB2828D34FB90007A268 /* ProfileViewController.xib */; };
		04877D4F28AFD1F00025517B /* ChooseProfileViewController.swift in Sources */ = {isa = PBXBuildFile; fileRef = 04877D4D28AFD1F00025517B /* ChooseProfileViewController.swift */; };
		04877D5028AFD1F00025517B /* ChooseProfileViewController.xib in Resources */ = {isa = PBXBuildFile; fileRef = 04877D4E28AFD1F00025517B /* ChooseProfileViewController.xib */; };
		048809A328E8095500B49099 /* SeeAllViewController.swift in Sources */ = {isa = PBXBuildFile; fileRef = 048809A128E8095500B49099 /* SeeAllViewController.swift */; };
		048809A428E8095500B49099 /* SeeAllViewController.xib in Resources */ = {isa = PBXBuildFile; fileRef = 048809A228E8095500B49099 /* SeeAllViewController.xib */; };
		04884745290AB33C001B555C /* README.md in Resources */ = {isa = PBXBuildFile; fileRef = 04884744290AB33C001B555C /* README.md */; };
		0488474A290ACBA4001B555C /* DetailListResponse.swift in Sources */ = {isa = PBXBuildFile; fileRef = 04884749290ACBA4001B555C /* DetailListResponse.swift */; };
		0496E31928FAC4F700E1FACC /* ViewModeViewController.swift in Sources */ = {isa = PBXBuildFile; fileRef = 0496E31728FAC4F700E1FACC /* ViewModeViewController.swift */; };
		0496E31A28FAC4F700E1FACC /* ViewModeViewController.xib in Resources */ = {isa = PBXBuildFile; fileRef = 0496E31828FAC4F700E1FACC /* ViewModeViewController.xib */; };
		049AC3C328ECB34B00A00027 /* Film.xcdatamodeld in Sources */ = {isa = PBXBuildFile; fileRef = 049AC3C128ECB34B00A00027 /* Film.xcdatamodeld */; };
		049AC3C828ECB68200A00027 /* DataPersistenceManager.swift in Sources */ = {isa = PBXBuildFile; fileRef = 049AC3C728ECB68200A00027 /* DataPersistenceManager.swift */; };
		049C75B0288E88A700060F12 /* SessionId.swift in Sources */ = {isa = PBXBuildFile; fileRef = 049C75AF288E88A700060F12 /* SessionId.swift */; };
		04A5BCBC28D4D06B00B6C3DF /* LibraryViewController.swift in Sources */ = {isa = PBXBuildFile; fileRef = 04A5BCBA28D4D06B00B6C3DF /* LibraryViewController.swift */; };
		04A5BCBD28D4D06B00B6C3DF /* LibraryViewController.xib in Resources */ = {isa = PBXBuildFile; fileRef = 04A5BCBB28D4D06B00B6C3DF /* LibraryViewController.xib */; };
		04A5BCD328D4D2E600B6C3DF /* ToggleView.swift in Sources */ = {isa = PBXBuildFile; fileRef = 04A5BCD228D4D2E600B6C3DF /* ToggleView.swift */; };
		04B805E028E4476B00CE0FF5 /* StatusResponse.swift in Sources */ = {isa = PBXBuildFile; fileRef = 04B805DF28E4476B00CE0FF5 /* StatusResponse.swift */; };
		04B805E528E44ABC00CE0FF5 /* UiviewController-Extension.swift in Sources */ = {isa = PBXBuildFile; fileRef = 04B805E428E44ABC00CE0FF5 /* UiviewController-Extension.swift */; };
		04B805F628E49A1600CE0FF5 /* TableSectionHeader.swift in Sources */ = {isa = PBXBuildFile; fileRef = 04B805F528E49A1600CE0FF5 /* TableSectionHeader.swift */; };
		04BFEB7028EEE63700F1173D /* ShowMoreInforViewController.swift in Sources */ = {isa = PBXBuildFile; fileRef = 04BFEB6E28EEE63700F1173D /* ShowMoreInforViewController.swift */; };
		04BFEB7128EEE63700F1173D /* ShowMoreInforViewController.xib in Resources */ = {isa = PBXBuildFile; fileRef = 04BFEB6F28EEE63700F1173D /* ShowMoreInforViewController.xib */; };
		04CB4CF928E3569700E021EF /* ExpenableHeaderView.xib in Resources */ = {isa = PBXBuildFile; fileRef = 04CB4CF828E3569700E021EF /* ExpenableHeaderView.xib */; };
		04CB4CFE28E356A600E021EF /* ExpenableHeaderView.swift in Sources */ = {isa = PBXBuildFile; fileRef = 04CB4CFD28E356A600E021EF /* ExpenableHeaderView.swift */; };
		04CCF2E728E831210010CAD7 /* SeeAllCollectionViewCell.swift in Sources */ = {isa = PBXBuildFile; fileRef = 04CCF2E528E831210010CAD7 /* SeeAllCollectionViewCell.swift */; };
		04CCF2E828E831210010CAD7 /* SeeAllCollectionViewCell.xib in Resources */ = {isa = PBXBuildFile; fileRef = 04CCF2E628E831210010CAD7 /* SeeAllCollectionViewCell.xib */; };
		04D789C928677EA5007030DE /* HomeViewController.swift in Sources */ = {isa = PBXBuildFile; fileRef = 04D789C728677EA5007030DE /* HomeViewController.swift */; };
		04D789CA28677EA5007030DE /* HomeViewController.xib in Resources */ = {isa = PBXBuildFile; fileRef = 04D789C828677EA5007030DE /* HomeViewController.xib */; };
		04D789D428677ED6007030DE /* UpcommingViewController.swift in Sources */ = {isa = PBXBuildFile; fileRef = 04D789D228677ED6007030DE /* UpcommingViewController.swift */; };
		04D789D528677ED7007030DE /* UpcommingViewController.xib in Resources */ = {isa = PBXBuildFile; fileRef = 04D789D328677ED6007030DE /* UpcommingViewController.xib */; };
		04D789DC28677EF1007030DE /* SearchViewController.swift in Sources */ = {isa = PBXBuildFile; fileRef = 04D789DA28677EF1007030DE /* SearchViewController.swift */; };
		04D789DD28677EF1007030DE /* SearchViewController.xib in Resources */ = {isa = PBXBuildFile; fileRef = 04D789DB28677EF1007030DE /* SearchViewController.xib */; };
		04D789E728677F8D007030DE /* DownloadViewController.swift in Sources */ = {isa = PBXBuildFile; fileRef = 04D789E528677F8D007030DE /* DownloadViewController.swift */; };
		04D789E828677F8D007030DE /* DownloadViewController.xib in Resources */ = {isa = PBXBuildFile; fileRef = 04D789E628677F8D007030DE /* DownloadViewController.xib */; };
		04D789F02867808F007030DE /* APICaller.swift in Sources */ = {isa = PBXBuildFile; fileRef = 04D789EF2867808F007030DE /* APICaller.swift */; };
		04DA0EA728FE6010007FA70D /* LoginResponse.swift in Sources */ = {isa = PBXBuildFile; fileRef = 04DA0EA628FE6010007FA70D /* LoginResponse.swift */; };
		04E6EB6C28F91FE000C07852 /* ActionAlert.swift in Sources */ = {isa = PBXBuildFile; fileRef = 04E6EB6B28F91FE000C07852 /* ActionAlert.swift */; };
		04E6EB7428F920FF00C07852 /* ActionAlertButton.swift in Sources */ = {isa = PBXBuildFile; fileRef = 04E6EB7328F920FF00C07852 /* ActionAlertButton.swift */; };
		04EF691C28DDFAF9005D5C0A /* LoginViewModel.swift in Sources */ = {isa = PBXBuildFile; fileRef = 04EF691B28DDFAF9005D5C0A /* LoginViewModel.swift */; };
		04F7160328F085C6002DB4C3 /* Localizable.strings in Resources */ = {isa = PBXBuildFile; fileRef = 04F7160528F085C6002DB4C3 /* Localizable.strings */; };
		04FA057528EAD7CD008628F1 /* PopupViewController.swift in Sources */ = {isa = PBXBuildFile; fileRef = 04FA057428EAD7CD008628F1 /* PopupViewController.swift */; };
		04FA057F28EAD9CD008628F1 /* ListViewController.swift in Sources */ = {isa = PBXBuildFile; fileRef = 04FA057D28EAD9CD008628F1 /* ListViewController.swift */; };
		04FA058028EAD9CD008628F1 /* ListViewController.xib in Resources */ = {isa = PBXBuildFile; fileRef = 04FA057E28EAD9CD008628F1 /* ListViewController.xib */; };
		04FA059128EAE7AC008628F1 /* ListResponse.swift in Sources */ = {isa = PBXBuildFile; fileRef = 04FA059028EAE7AC008628F1 /* ListResponse.swift */; };
		04FA059728EB1107008628F1 /* AddNewListViewController.swift in Sources */ = {isa = PBXBuildFile; fileRef = 04FA059528EB1107008628F1 /* AddNewListViewController.swift */; };
		04FA059828EB1107008628F1 /* AddNewListViewController.xib in Resources */ = {isa = PBXBuildFile; fileRef = 04FA059628EB1107008628F1 /* AddNewListViewController.xib */; };
		04FAB27E29043AB300DFE74C /* MovieDetailResponse.swift in Sources */ = {isa = PBXBuildFile; fileRef = 04FAB27D29043AB300DFE74C /* MovieDetailResponse.swift */; };
		04FAB2832904422F00DFE74C /* TVDetailResponse.swift in Sources */ = {isa = PBXBuildFile; fileRef = 04FAB2822904422F00DFE74C /* TVDetailResponse.swift */; };
		04FB5C2C28EE864D006FB26A /* UIColor-Extension.swift in Sources */ = {isa = PBXBuildFile; fileRef = 04FB5C2B28EE864D006FB26A /* UIColor-Extension.swift */; };
		04FD785928F85B4700F318FB /* CircleButton.swift in Sources */ = {isa = PBXBuildFile; fileRef = 04FD785828F85B4700F318FB /* CircleButton.swift */; };
		04FEB078288E55B000A88F5A /* LoginViewController.swift in Sources */ = {isa = PBXBuildFile; fileRef = 04FEB076288E55B000A88F5A /* LoginViewController.swift */; };
		04FEB079288E55B000A88F5A /* LoginViewController.xib in Resources */ = {isa = PBXBuildFile; fileRef = 04FEB077288E55B000A88F5A /* LoginViewController.xib */; };
		04FEB07E288E59F700A88F5A /* RequestToken.swift in Sources */ = {isa = PBXBuildFile; fileRef = 04FEB07D288E59F700A88F5A /* RequestToken.swift */; };
		04FEB083288E645B00A88F5A /* Authentication.swift in Sources */ = {isa = PBXBuildFile; fileRef = 04FEB082288E645B00A88F5A /* Authentication.swift */; };
		04FF71D728EC315E005A9A11 /* ListTableViewCell.swift in Sources */ = {isa = PBXBuildFile; fileRef = 04FF71D528EC315E005A9A11 /* ListTableViewCell.swift */; };
		04FF71D828EC315E005A9A11 /* ListTableViewCell.xib in Resources */ = {isa = PBXBuildFile; fileRef = 04FF71D628EC315E005A9A11 /* ListTableViewCell.xib */; };
		5B5C6A5D94C8E590DDDC342C /* Pods_NetFlix.framework in Frameworks */ = {isa = PBXBuildFile; fileRef = 46DA7761C3C28D514A2CDCAA /* Pods_NetFlix.framework */; };
/* End PBXBuildFile section */

/* Begin PBXContainerItemProxy section */
		045A3AED286779DF000F84DE /* PBXContainerItemProxy */ = {
			isa = PBXContainerItemProxy;
			containerPortal = 045A3ACE286779DB000F84DE /* Project object */;
			proxyType = 1;
			remoteGlobalIDString = 045A3AD5286779DB000F84DE;
			remoteInfo = NetFlix;
		};
		045A3AF8286779DF000F84DE /* PBXContainerItemProxy */ = {
			isa = PBXContainerItemProxy;
			containerPortal = 045A3ACE286779DB000F84DE /* Project object */;
			proxyType = 1;
			remoteGlobalIDString = 045A3AD5286779DB000F84DE;
			remoteInfo = NetFlix;
		};
/* End PBXContainerItemProxy section */

/* Begin PBXFileReference section */
		04040AAB28E2FA5C00ABBF06 /* ImageName.swift */ = {isa = PBXFileReference; lastKnownFileType = sourcecode.swift; path = ImageName.swift; sourceTree = "<group>"; };
		04040AB328E2FBF100ABBF06 /* UIFont-Extensiont.swift */ = {isa = PBXFileReference; lastKnownFileType = sourcecode.swift; path = "UIFont-Extensiont.swift"; sourceTree = "<group>"; };
		04040AC728E3008600ABBF06 /* Profile.swift */ = {isa = PBXFileReference; lastKnownFileType = sourcecode.swift; path = Profile.swift; sourceTree = "<group>"; };
		040A24BE2869AC7400F92978 /* UpComing.swift */ = {isa = PBXFileReference; lastKnownFileType = sourcecode.swift; path = UpComing.swift; sourceTree = "<group>"; };
		0418F04128F6B92100A84C87 /* DisplayTableCell.swift */ = {isa = PBXFileReference; lastKnownFileType = sourcecode.swift; path = DisplayTableCell.swift; sourceTree = "<group>"; };
		0418F04928F6BC1F00A84C87 /* DisplayCollectionCell.swift */ = {isa = PBXFileReference; lastKnownFileType = sourcecode.swift; path = DisplayCollectionCell.swift; sourceTree = "<group>"; };
		0418F04E28F6BDF800A84C87 /* LoadingTextView.swift */ = {isa = PBXFileReference; lastKnownFileType = sourcecode.swift; path = LoadingTextView.swift; sourceTree = "<group>"; };
		0418F08728F72A8B00A84C87 /* TransitionDelegate.swift */ = {isa = PBXFileReference; lastKnownFileType = sourcecode.swift; path = TransitionDelegate.swift; sourceTree = "<group>"; };
		0418F08D28F72B7800A84C87 /* NavigationDelegate.swift */ = {isa = PBXFileReference; lastKnownFileType = sourcecode.swift; path = NavigationDelegate.swift; sourceTree = "<group>"; };
		0419E4E728ED3119002E657C /* YoutubeSearchResponse.swift */ = {isa = PBXFileReference; lastKnownFileType = sourcecode.swift; path = YoutubeSearchResponse.swift; sourceTree = "<group>"; };
		0419E4ED28ED3238002E657C /* PlayerViewController.swift */ = {isa = PBXFileReference; lastKnownFileType = sourcecode.swift; path = PlayerViewController.swift; sourceTree = "<group>"; };
		0419E4EE28ED3238002E657C /* PlayerViewController.xib */ = {isa = PBXFileReference; lastKnownFileType = file.xib; path = PlayerViewController.xib; sourceTree = "<group>"; };
		0419E4F428ED52DA002E657C /* FilmItem+CoreDataProperties.swift */ = {isa = PBXFileReference; fileEncoding = 4; lastKnownFileType = sourcecode.swift; path = "FilmItem+CoreDataProperties.swift"; sourceTree = "<group>"; };
		0419E4F528ED52DA002E657C /* FilmItem+CoreDataClass.swift */ = {isa = PBXFileReference; fileEncoding = 4; lastKnownFileType = sourcecode.swift; path = "FilmItem+CoreDataClass.swift"; sourceTree = "<group>"; };
		0423F2DC2869B4B00075903B /* UpCommingTableViewCell.swift */ = {isa = PBXFileReference; lastKnownFileType = sourcecode.swift; path = UpCommingTableViewCell.swift; sourceTree = "<group>"; };
		0423F2DD2869B4B00075903B /* UpCommingTableViewCell.xib */ = {isa = PBXFileReference; lastKnownFileType = file.xib; path = UpCommingTableViewCell.xib; sourceTree = "<group>"; };
		0423F2FC2869F3750075903B /* SearchResultViewController.swift */ = {isa = PBXFileReference; lastKnownFileType = sourcecode.swift; path = SearchResultViewController.swift; sourceTree = "<group>"; };
		0423F2FD2869F3750075903B /* SearchResultViewController.xib */ = {isa = PBXFileReference; lastKnownFileType = file.xib; path = SearchResultViewController.xib; sourceTree = "<group>"; };
		04248A7428D191AC00CD0876 /* UIView-Extension.swift */ = {isa = PBXFileReference; lastKnownFileType = sourcecode.swift; path = "UIView-Extension.swift"; sourceTree = "<group>"; };
		04248A7B28D1D52500CD0876 /* FilmDetailPopUpViewController.swift */ = {isa = PBXFileReference; lastKnownFileType = sourcecode.swift; path = FilmDetailPopUpViewController.swift; sourceTree = "<group>"; };
		04248A7C28D1D52500CD0876 /* FilmDetailPopUpViewController.xib */ = {isa = PBXFileReference; lastKnownFileType = file.xib; path = FilmDetailPopUpViewController.xib; sourceTree = "<group>"; };
		043300F028F54E41005C061A /* SimpleOver.swift */ = {isa = PBXFileReference; lastKnownFileType = sourcecode.swift; path = SimpleOver.swift; sourceTree = "<group>"; };
		043300F928F56475005C061A /* ListsViewController.swift */ = {isa = PBXFileReference; lastKnownFileType = sourcecode.swift; path = ListsViewController.swift; sourceTree = "<group>"; };
		043300FA28F56475005C061A /* ListsViewController.xib */ = {isa = PBXFileReference; lastKnownFileType = file.xib; path = ListsViewController.xib; sourceTree = "<group>"; };
		0433010428F5656F005C061A /* ListsTableViewCell.swift */ = {isa = PBXFileReference; lastKnownFileType = sourcecode.swift; path = ListsTableViewCell.swift; sourceTree = "<group>"; };
		0433010528F5656F005C061A /* ListsTableViewCell.xib */ = {isa = PBXFileReference; lastKnownFileType = file.xib; path = ListsTableViewCell.xib; sourceTree = "<group>"; };
		0433010C28F58C16005C061A /* DetailWatchListViewController.swift */ = {isa = PBXFileReference; lastKnownFileType = sourcecode.swift; path = DetailWatchListViewController.swift; sourceTree = "<group>"; };
		0433010D28F58C16005C061A /* DetailWatchListViewController.xib */ = {isa = PBXFileReference; lastKnownFileType = file.xib; path = DetailWatchListViewController.xib; sourceTree = "<group>"; };
		04345A3928E5A3600071E481 /* GenresResponse.swift */ = {isa = PBXFileReference; lastKnownFileType = sourcecode.swift; path = GenresResponse.swift; sourceTree = "<group>"; };
		0438CF2D2900734C0000C00E /* LibraryCollectionViewCell.swift */ = {isa = PBXFileReference; lastKnownFileType = sourcecode.swift; path = LibraryCollectionViewCell.swift; sourceTree = "<group>"; };
		0438CF2E2900734C0000C00E /* LibraryCollectionViewCell.xib */ = {isa = PBXFileReference; lastKnownFileType = file.xib; path = LibraryCollectionViewCell.xib; sourceTree = "<group>"; };
		0438CF38290077660000C00E /* LibraryCollectionViewCellCell.swift */ = {isa = PBXFileReference; lastKnownFileType = sourcecode.swift; path = LibraryCollectionViewCellCell.swift; sourceTree = "<group>"; };
		0438CF39290077660000C00E /* LibraryCollectionViewCellCell.xib */ = {isa = PBXFileReference; lastKnownFileType = file.xib; path = LibraryCollectionViewCellCell.xib; sourceTree = "<group>"; };
		043B35F528E7048000340D1D /* UIImageView-Extension.swift */ = {isa = PBXFileReference; lastKnownFileType = sourcecode.swift; path = "UIImageView-Extension.swift"; sourceTree = "<group>"; };
		04474D6C28FC399B00A7FC94 /* LogoutTableViewCell.swift */ = {isa = PBXFileReference; lastKnownFileType = sourcecode.swift; path = LogoutTableViewCell.swift; sourceTree = "<group>"; };
		04474D6D28FC399B00A7FC94 /* LogoutTableViewCell.xib */ = {isa = PBXFileReference; lastKnownFileType = file.xib; path = LogoutTableViewCell.xib; sourceTree = "<group>"; };
		04474D7328FC8C3200A7FC94 /* SimilarFilmResponse.swift */ = {isa = PBXFileReference; lastKnownFileType = sourcecode.swift; path = SimilarFilmResponse.swift; sourceTree = "<group>"; };
		04474D7828FC8F0000A7FC94 /* ShowMoreTableViewCell.swift */ = {isa = PBXFileReference; lastKnownFileType = sourcecode.swift; path = ShowMoreTableViewCell.swift; sourceTree = "<group>"; };
		04474D7928FC8F0000A7FC94 /* ShowMoreTableViewCell.xib */ = {isa = PBXFileReference; lastKnownFileType = file.xib; path = ShowMoreTableViewCell.xib; sourceTree = "<group>"; };
		0448E54328F7D15400461086 /* ShakeButton.swift */ = {isa = PBXFileReference; lastKnownFileType = sourcecode.swift; path = ShakeButton.swift; sourceTree = "<group>"; };
		044A9F2528F0942400761933 /* LocalizationSystem.swift */ = {isa = PBXFileReference; lastKnownFileType = sourcecode.swift; path = LocalizationSystem.swift; sourceTree = "<group>"; };
		044C985428F42DFA00D09CBE /* Language.swift */ = {isa = PBXFileReference; lastKnownFileType = sourcecode.swift; path = Language.swift; sourceTree = "<group>"; };
		044C985C28F42E7000D09CBE /* Languages.swift */ = {isa = PBXFileReference; lastKnownFileType = sourcecode.swift; path = Languages.swift; sourceTree = "<group>"; };
		045007BF28F956A1000D4B97 /* CustomAlertViewController.swift */ = {isa = PBXFileReference; lastKnownFileType = sourcecode.swift; path = CustomAlertViewController.swift; sourceTree = "<group>"; };
		04546ADD28D1E9D2002F894B /* DetailFilmButton.swift */ = {isa = PBXFileReference; lastKnownFileType = sourcecode.swift; path = DetailFilmButton.swift; sourceTree = "<group>"; };
		0457F01B28D21E4800DDE8B9 /* DataManager.swift */ = {isa = PBXFileReference; lastKnownFileType = sourcecode.swift; path = DataManager.swift; sourceTree = "<group>"; };
		045A3AD6286779DB000F84DE /* NetFlix.app */ = {isa = PBXFileReference; explicitFileType = wrapper.application; includeInIndex = 0; path = NetFlix.app; sourceTree = BUILT_PRODUCTS_DIR; };
		045A3AD9286779DB000F84DE /* AppDelegate.swift */ = {isa = PBXFileReference; lastKnownFileType = sourcecode.swift; path = AppDelegate.swift; sourceTree = "<group>"; };
		045A3AE2286779DF000F84DE /* Assets.xcassets */ = {isa = PBXFileReference; lastKnownFileType = folder.assetcatalog; path = Assets.xcassets; sourceTree = "<group>"; };
		045A3AE5286779DF000F84DE /* Base */ = {isa = PBXFileReference; lastKnownFileType = file.storyboard; name = Base; path = Base.lproj/LaunchScreen.storyboard; sourceTree = "<group>"; };
		045A3AE7286779DF000F84DE /* Info.plist */ = {isa = PBXFileReference; lastKnownFileType = text.plist.xml; path = Info.plist; sourceTree = "<group>"; };
		045A3AEC286779DF000F84DE /* NetFlixTests.xctest */ = {isa = PBXFileReference; explicitFileType = wrapper.cfbundle; includeInIndex = 0; path = NetFlixTests.xctest; sourceTree = BUILT_PRODUCTS_DIR; };
		045A3AF0286779DF000F84DE /* NetFlixTests.swift */ = {isa = PBXFileReference; lastKnownFileType = sourcecode.swift; path = NetFlixTests.swift; sourceTree = "<group>"; };
		045A3AF2286779DF000F84DE /* Info.plist */ = {isa = PBXFileReference; lastKnownFileType = text.plist.xml; path = Info.plist; sourceTree = "<group>"; };
		045A3AF7286779DF000F84DE /* NetFlixUITests.xctest */ = {isa = PBXFileReference; explicitFileType = wrapper.cfbundle; includeInIndex = 0; path = NetFlixUITests.xctest; sourceTree = BUILT_PRODUCTS_DIR; };
		045A3AFB286779DF000F84DE /* NetFlixUITests.swift */ = {isa = PBXFileReference; lastKnownFileType = sourcecode.swift; path = NetFlixUITests.swift; sourceTree = "<group>"; };
		045A3AFD286779DF000F84DE /* Info.plist */ = {isa = PBXFileReference; lastKnownFileType = text.plist.xml; path = Info.plist; sourceTree = "<group>"; };
		045A3B1E28677BFD000F84DE /* MainTabBarViewController.swift */ = {isa = PBXFileReference; lastKnownFileType = sourcecode.swift; path = MainTabBarViewController.swift; sourceTree = "<group>"; };
		045F646828FB191B001B266E /* CarouselCollectionViewCell.swift */ = {isa = PBXFileReference; lastKnownFileType = sourcecode.swift; path = CarouselCollectionViewCell.swift; sourceTree = "<group>"; };
		045F646928FB191B001B266E /* CarouselCollectionViewCell.xib */ = {isa = PBXFileReference; lastKnownFileType = file.xib; path = CarouselCollectionViewCell.xib; sourceTree = "<group>"; };
		0464F3E528694C95008F6015 /* CollectionTableViewCell.swift */ = {isa = PBXFileReference; lastKnownFileType = sourcecode.swift; path = CollectionTableViewCell.swift; sourceTree = "<group>"; };
		0464F3E628694C95008F6015 /* CollectionTableViewCell.xib */ = {isa = PBXFileReference; lastKnownFileType = file.xib; path = CollectionTableViewCell.xib; sourceTree = "<group>"; };
		0464F3EC28694CC9008F6015 /* CollectionViewCell.swift */ = {isa = PBXFileReference; lastKnownFileType = sourcecode.swift; path = CollectionViewCell.swift; sourceTree = "<group>"; };
		0464F3ED28694CC9008F6015 /* CollectionViewCell.xib */ = {isa = PBXFileReference; lastKnownFileType = file.xib; path = CollectionViewCell.xib; sourceTree = "<group>"; };
		0464F3F92869513C008F6015 /* HeaderView.swift */ = {isa = PBXFileReference; lastKnownFileType = sourcecode.swift; path = HeaderView.swift; sourceTree = "<group>"; };
		0464F40228695CEB008F6015 /* Trending.swift */ = {isa = PBXFileReference; lastKnownFileType = sourcecode.swift; path = Trending.swift; sourceTree = "<group>"; };
		0464F40F286963FE008F6015 /* Film.swift */ = {isa = PBXFileReference; lastKnownFileType = sourcecode.swift; path = Film.swift; sourceTree = "<group>"; };
		046A8C5828EB2A760052666E /* SimpleTransform.swift */ = {isa = PBXFileReference; lastKnownFileType = sourcecode.swift; path = SimpleTransform.swift; sourceTree = "<group>"; };
		04754F9228D03AC2002C5C72 /* DiscoveryButton.swift */ = {isa = PBXFileReference; lastKnownFileType = sourcecode.swift; path = DiscoveryButton.swift; sourceTree = "<group>"; };
		047ED7B628E014950006F6B3 /* String-Extension.swift */ = {isa = PBXFileReference; lastKnownFileType = sourcecode.swift; path = "String-Extension.swift"; sourceTree = "<group>"; };
		0481B8EF28E07C440039BD7B /* CreatLabelView.swift */ = {isa = PBXFileReference; lastKnownFileType = sourcecode.swift; path = CreatLabelView.swift; sourceTree = "<group>"; };
		0481B8F428E0A3C90039BD7B /* SearchResultCollectionViewCell.swift */ = {isa = PBXFileReference; lastKnownFileType = sourcecode.swift; path = SearchResultCollectionViewCell.swift; sourceTree = "<group>"; };
		0481B8F528E0A3CA0039BD7B /* SearchResultCollectionViewCell.xib */ = {isa = PBXFileReference; lastKnownFileType = file.xib; path = SearchResultCollectionViewCell.xib; sourceTree = "<group>"; };
		0484EB2728D34FB90007A268 /* ProfileViewController.swift */ = {isa = PBXFileReference; lastKnownFileType = sourcecode.swift; path = ProfileViewController.swift; sourceTree = "<group>"; };
		0484EB2828D34FB90007A268 /* ProfileViewController.xib */ = {isa = PBXFileReference; lastKnownFileType = file.xib; path = ProfileViewController.xib; sourceTree = "<group>"; };
		04877D4D28AFD1F00025517B /* ChooseProfileViewController.swift */ = {isa = PBXFileReference; lastKnownFileType = sourcecode.swift; path = ChooseProfileViewController.swift; sourceTree = "<group>"; };
		04877D4E28AFD1F00025517B /* ChooseProfileViewController.xib */ = {isa = PBXFileReference; lastKnownFileType = file.xib; path = ChooseProfileViewController.xib; sourceTree = "<group>"; };
		048809A128E8095500B49099 /* SeeAllViewController.swift */ = {isa = PBXFileReference; lastKnownFileType = sourcecode.swift; path = SeeAllViewController.swift; sourceTree = "<group>"; };
		048809A228E8095500B49099 /* SeeAllViewController.xib */ = {isa = PBXFileReference; lastKnownFileType = file.xib; path = SeeAllViewController.xib; sourceTree = "<group>"; };
		04884744290AB33C001B555C /* README.md */ = {isa = PBXFileReference; fileEncoding = 4; lastKnownFileType = net.daringfireball.markdown; path = README.md; sourceTree = "<group>"; };
		04884749290ACBA4001B555C /* DetailListResponse.swift */ = {isa = PBXFileReference; lastKnownFileType = sourcecode.swift; path = DetailListResponse.swift; sourceTree = "<group>"; };
		0496E31728FAC4F700E1FACC /* ViewModeViewController.swift */ = {isa = PBXFileReference; lastKnownFileType = sourcecode.swift; path = ViewModeViewController.swift; sourceTree = "<group>"; };
		0496E31828FAC4F700E1FACC /* ViewModeViewController.xib */ = {isa = PBXFileReference; lastKnownFileType = file.xib; path = ViewModeViewController.xib; sourceTree = "<group>"; };
		049AC3C228ECB34B00A00027 /* Film.xcdatamodel */ = {isa = PBXFileReference; lastKnownFileType = wrapper.xcdatamodel; path = Film.xcdatamodel; sourceTree = "<group>"; };
		049AC3C728ECB68200A00027 /* DataPersistenceManager.swift */ = {isa = PBXFileReference; lastKnownFileType = sourcecode.swift; path = DataPersistenceManager.swift; sourceTree = "<group>"; };
		049C75AF288E88A700060F12 /* SessionId.swift */ = {isa = PBXFileReference; lastKnownFileType = sourcecode.swift; path = SessionId.swift; sourceTree = "<group>"; };
		04A5BCBA28D4D06B00B6C3DF /* LibraryViewController.swift */ = {isa = PBXFileReference; lastKnownFileType = sourcecode.swift; path = LibraryViewController.swift; sourceTree = "<group>"; };
		04A5BCBB28D4D06B00B6C3DF /* LibraryViewController.xib */ = {isa = PBXFileReference; lastKnownFileType = file.xib; path = LibraryViewController.xib; sourceTree = "<group>"; };
		04A5BCD228D4D2E600B6C3DF /* ToggleView.swift */ = {isa = PBXFileReference; lastKnownFileType = sourcecode.swift; path = ToggleView.swift; sourceTree = "<group>"; };
		04B805DF28E4476B00CE0FF5 /* StatusResponse.swift */ = {isa = PBXFileReference; lastKnownFileType = sourcecode.swift; path = StatusResponse.swift; sourceTree = "<group>"; };
		04B805E428E44ABC00CE0FF5 /* UiviewController-Extension.swift */ = {isa = PBXFileReference; lastKnownFileType = sourcecode.swift; path = "UiviewController-Extension.swift"; sourceTree = "<group>"; };
		04B805F528E49A1600CE0FF5 /* TableSectionHeader.swift */ = {isa = PBXFileReference; lastKnownFileType = sourcecode.swift; path = TableSectionHeader.swift; sourceTree = "<group>"; };
		04BFEB6E28EEE63700F1173D /* ShowMoreInforViewController.swift */ = {isa = PBXFileReference; lastKnownFileType = sourcecode.swift; path = ShowMoreInforViewController.swift; sourceTree = "<group>"; };
		04BFEB6F28EEE63700F1173D /* ShowMoreInforViewController.xib */ = {isa = PBXFileReference; lastKnownFileType = file.xib; path = ShowMoreInforViewController.xib; sourceTree = "<group>"; };
		04CB4CF828E3569700E021EF /* ExpenableHeaderView.xib */ = {isa = PBXFileReference; lastKnownFileType = file.xib; path = ExpenableHeaderView.xib; sourceTree = "<group>"; };
		04CB4CFD28E356A600E021EF /* ExpenableHeaderView.swift */ = {isa = PBXFileReference; lastKnownFileType = sourcecode.swift; path = ExpenableHeaderView.swift; sourceTree = "<group>"; };
		04CCF2E528E831210010CAD7 /* SeeAllCollectionViewCell.swift */ = {isa = PBXFileReference; lastKnownFileType = sourcecode.swift; path = SeeAllCollectionViewCell.swift; sourceTree = "<group>"; };
		04CCF2E628E831210010CAD7 /* SeeAllCollectionViewCell.xib */ = {isa = PBXFileReference; lastKnownFileType = file.xib; path = SeeAllCollectionViewCell.xib; sourceTree = "<group>"; };
		04D789C728677EA5007030DE /* HomeViewController.swift */ = {isa = PBXFileReference; lastKnownFileType = sourcecode.swift; path = HomeViewController.swift; sourceTree = "<group>"; };
		04D789C828677EA5007030DE /* HomeViewController.xib */ = {isa = PBXFileReference; lastKnownFileType = file.xib; path = HomeViewController.xib; sourceTree = "<group>"; };
		04D789D228677ED6007030DE /* UpcommingViewController.swift */ = {isa = PBXFileReference; lastKnownFileType = sourcecode.swift; path = UpcommingViewController.swift; sourceTree = "<group>"; };
		04D789D328677ED6007030DE /* UpcommingViewController.xib */ = {isa = PBXFileReference; lastKnownFileType = file.xib; path = UpcommingViewController.xib; sourceTree = "<group>"; };
		04D789DA28677EF1007030DE /* SearchViewController.swift */ = {isa = PBXFileReference; lastKnownFileType = sourcecode.swift; path = SearchViewController.swift; sourceTree = "<group>"; };
		04D789DB28677EF1007030DE /* SearchViewController.xib */ = {isa = PBXFileReference; lastKnownFileType = file.xib; path = SearchViewController.xib; sourceTree = "<group>"; };
		04D789E528677F8D007030DE /* DownloadViewController.swift */ = {isa = PBXFileReference; lastKnownFileType = sourcecode.swift; path = DownloadViewController.swift; sourceTree = "<group>"; };
		04D789E628677F8D007030DE /* DownloadViewController.xib */ = {isa = PBXFileReference; lastKnownFileType = file.xib; path = DownloadViewController.xib; sourceTree = "<group>"; };
		04D789EF2867808F007030DE /* APICaller.swift */ = {isa = PBXFileReference; lastKnownFileType = sourcecode.swift; path = APICaller.swift; sourceTree = "<group>"; };
		04DA0EA628FE6010007FA70D /* LoginResponse.swift */ = {isa = PBXFileReference; lastKnownFileType = sourcecode.swift; path = LoginResponse.swift; sourceTree = "<group>"; };
		04E6EB6B28F91FE000C07852 /* ActionAlert.swift */ = {isa = PBXFileReference; lastKnownFileType = sourcecode.swift; path = ActionAlert.swift; sourceTree = "<group>"; };
		04E6EB7328F920FF00C07852 /* ActionAlertButton.swift */ = {isa = PBXFileReference; lastKnownFileType = sourcecode.swift; path = ActionAlertButton.swift; sourceTree = "<group>"; };
		04EF691B28DDFAF9005D5C0A /* LoginViewModel.swift */ = {isa = PBXFileReference; lastKnownFileType = sourcecode.swift; path = LoginViewModel.swift; sourceTree = "<group>"; };
		04F7160428F085C6002DB4C3 /* en */ = {isa = PBXFileReference; lastKnownFileType = text.plist.strings; name = en; path = en.lproj/Localizable.strings; sourceTree = "<group>"; };
		04F7160928F08612002DB4C3 /* vi */ = {isa = PBXFileReference; lastKnownFileType = text.plist.strings; name = vi; path = vi.lproj/Localizable.strings; sourceTree = "<group>"; };
		04FA057428EAD7CD008628F1 /* PopupViewController.swift */ = {isa = PBXFileReference; lastKnownFileType = sourcecode.swift; path = PopupViewController.swift; sourceTree = "<group>"; };
		04FA057D28EAD9CD008628F1 /* ListViewController.swift */ = {isa = PBXFileReference; lastKnownFileType = sourcecode.swift; path = ListViewController.swift; sourceTree = "<group>"; };
		04FA057E28EAD9CD008628F1 /* ListViewController.xib */ = {isa = PBXFileReference; lastKnownFileType = file.xib; path = ListViewController.xib; sourceTree = "<group>"; };
		04FA059028EAE7AC008628F1 /* ListResponse.swift */ = {isa = PBXFileReference; lastKnownFileType = sourcecode.swift; path = ListResponse.swift; sourceTree = "<group>"; };
		04FA059528EB1107008628F1 /* AddNewListViewController.swift */ = {isa = PBXFileReference; lastKnownFileType = sourcecode.swift; path = AddNewListViewController.swift; sourceTree = "<group>"; };
		04FA059628EB1107008628F1 /* AddNewListViewController.xib */ = {isa = PBXFileReference; lastKnownFileType = file.xib; path = AddNewListViewController.xib; sourceTree = "<group>"; };
		04FAB27D29043AB300DFE74C /* MovieDetailResponse.swift */ = {isa = PBXFileReference; lastKnownFileType = sourcecode.swift; path = MovieDetailResponse.swift; sourceTree = "<group>"; };
		04FAB2822904422F00DFE74C /* TVDetailResponse.swift */ = {isa = PBXFileReference; lastKnownFileType = sourcecode.swift; path = TVDetailResponse.swift; sourceTree = "<group>"; };
		04FB5C2B28EE864D006FB26A /* UIColor-Extension.swift */ = {isa = PBXFileReference; lastKnownFileType = sourcecode.swift; path = "UIColor-Extension.swift"; sourceTree = "<group>"; };
		04FD785828F85B4700F318FB /* CircleButton.swift */ = {isa = PBXFileReference; lastKnownFileType = sourcecode.swift; path = CircleButton.swift; sourceTree = "<group>"; };
		04FEB076288E55B000A88F5A /* LoginViewController.swift */ = {isa = PBXFileReference; lastKnownFileType = sourcecode.swift; path = LoginViewController.swift; sourceTree = "<group>"; };
		04FEB077288E55B000A88F5A /* LoginViewController.xib */ = {isa = PBXFileReference; lastKnownFileType = file.xib; path = LoginViewController.xib; sourceTree = "<group>"; };
		04FEB07D288E59F700A88F5A /* RequestToken.swift */ = {isa = PBXFileReference; lastKnownFileType = sourcecode.swift; path = RequestToken.swift; sourceTree = "<group>"; };
		04FEB082288E645B00A88F5A /* Authentication.swift */ = {isa = PBXFileReference; lastKnownFileType = sourcecode.swift; path = Authentication.swift; sourceTree = "<group>"; };
		04FF71D528EC315E005A9A11 /* ListTableViewCell.swift */ = {isa = PBXFileReference; lastKnownFileType = sourcecode.swift; path = ListTableViewCell.swift; sourceTree = "<group>"; };
		04FF71D628EC315E005A9A11 /* ListTableViewCell.xib */ = {isa = PBXFileReference; lastKnownFileType = file.xib; path = ListTableViewCell.xib; sourceTree = "<group>"; };
		3DBDA174A7674E99DDD03E85 /* Pods-NetFlix.debug.xcconfig */ = {isa = PBXFileReference; includeInIndex = 1; lastKnownFileType = text.xcconfig; name = "Pods-NetFlix.debug.xcconfig"; path = "Target Support Files/Pods-NetFlix/Pods-NetFlix.debug.xcconfig"; sourceTree = "<group>"; };
		46DA7761C3C28D514A2CDCAA /* Pods_NetFlix.framework */ = {isa = PBXFileReference; explicitFileType = wrapper.framework; includeInIndex = 0; path = Pods_NetFlix.framework; sourceTree = BUILT_PRODUCTS_DIR; };
		F77D0458C4297D5925FCD447 /* Pods-NetFlix.release.xcconfig */ = {isa = PBXFileReference; includeInIndex = 1; lastKnownFileType = text.xcconfig; name = "Pods-NetFlix.release.xcconfig"; path = "Target Support Files/Pods-NetFlix/Pods-NetFlix.release.xcconfig"; sourceTree = "<group>"; };
/* End PBXFileReference section */

/* Begin PBXFrameworksBuildPhase section */
		045A3AD3286779DB000F84DE /* Frameworks */ = {
			isa = PBXFrameworksBuildPhase;
			buildActionMask = 2147483647;
			files = (
				5B5C6A5D94C8E590DDDC342C /* Pods_NetFlix.framework in Frameworks */,
			);
			runOnlyForDeploymentPostprocessing = 0;
		};
		045A3AE9286779DF000F84DE /* Frameworks */ = {
			isa = PBXFrameworksBuildPhase;
			buildActionMask = 2147483647;
			files = (
			);
			runOnlyForDeploymentPostprocessing = 0;
		};
		045A3AF4286779DF000F84DE /* Frameworks */ = {
			isa = PBXFrameworksBuildPhase;
			buildActionMask = 2147483647;
			files = (
			);
			runOnlyForDeploymentPostprocessing = 0;
		};
/* End PBXFrameworksBuildPhase section */

/* Begin PBXGroup section */
		0418F08628F72A7100A84C87 /* Present */ = {
			isa = PBXGroup;
			children = (
				046A8C5828EB2A760052666E /* SimpleTransform.swift */,
				0418F08728F72A8B00A84C87 /* TransitionDelegate.swift */,
			);
			path = Present;
			sourceTree = "<group>";
		};
		0418F08C28F72B4F00A84C87 /* Push */ = {
			isa = PBXGroup;
			children = (
				043300F028F54E41005C061A /* SimpleOver.swift */,
				0418F08D28F72B7800A84C87 /* NavigationDelegate.swift */,
			);
			path = Push;
			sourceTree = "<group>";
		};
		0419E4E628ED2E7B002E657C /* CoreData */ = {
			isa = PBXGroup;
			children = (
				049AC3C728ECB68200A00027 /* DataPersistenceManager.swift */,
			);
			path = CoreData;
			sourceTree = "<group>";
		};
		0419E4EC28ED3210002E657C /* PlayerVC */ = {
			isa = PBXGroup;
			children = (
				0419E4ED28ED3238002E657C /* PlayerViewController.swift */,
				0419E4EE28ED3238002E657C /* PlayerViewController.xib */,
			);
			path = PlayerVC;
			sourceTree = "<group>";
		};
		0423F2DB2869B48F0075903B /* UpCommingTableViewCell */ = {
			isa = PBXGroup;
			children = (
				0423F2DC2869B4B00075903B /* UpCommingTableViewCell.swift */,
				0423F2DD2869B4B00075903B /* UpCommingTableViewCell.xib */,
			);
			path = UpCommingTableViewCell;
			sourceTree = "<group>";
		};
		0423F2EF2869BCEB0075903B /* HomeTableViewCell */ = {
			isa = PBXGroup;
			children = (
				0464F3D128693F32008F6015 /* CollectionViewCell */,
				0464F3E528694C95008F6015 /* CollectionTableViewCell.swift */,
				0464F3E628694C95008F6015 /* CollectionTableViewCell.xib */,
			);
			path = HomeTableViewCell;
			sourceTree = "<group>";
		};
		04248A7328D1919000CD0876 /* Extension */ = {
			isa = PBXGroup;
			children = (
				04248A7428D191AC00CD0876 /* UIView-Extension.swift */,
				047ED7B628E014950006F6B3 /* String-Extension.swift */,
				04040AB328E2FBF100ABBF06 /* UIFont-Extensiont.swift */,
				04B805E428E44ABC00CE0FF5 /* UiviewController-Extension.swift */,
				043B35F528E7048000340D1D /* UIImageView-Extension.swift */,
				04FB5C2B28EE864D006FB26A /* UIColor-Extension.swift */,
			);
			path = Extension;
			sourceTree = "<group>";
		};
		04248A7A28D1D50600CD0876 /* FilmDetailPopup */ = {
			isa = PBXGroup;
			children = (
				04BFEB6D28EEE5EB00F1173D /* ShowMoreInfor */,
				0419E4EC28ED3210002E657C /* PlayerVC */,
				04FA057C28EAD9A2008628F1 /* List */,
				04248A7B28D1D52500CD0876 /* FilmDetailPopUpViewController.swift */,
				04248A7C28D1D52500CD0876 /* FilmDetailPopUpViewController.xib */,
			);
			path = FilmDetailPopup;
			sourceTree = "<group>";
		};
		042F893728D2D4DE00C2F1D4 /* Profile */ = {
			isa = PBXGroup;
			children = (
				04877D4928AFD1B20025517B /* ChoseProfile */,
				04FAE18B28D3647D00227F99 /* Profile */,
			);
			path = Profile;
			sourceTree = "<group>";
		};
		043300F828F5633E005C061A /* List */ = {
			isa = PBXGroup;
			children = (
				0433010B28F58BE8005C061A /* DetaileLists */,
				0433010028F56493005C061A /* Cell */,
				043300F928F56475005C061A /* ListsViewController.swift */,
				043300FA28F56475005C061A /* ListsViewController.xib */,
			);
			path = List;
			sourceTree = "<group>";
		};
		0433010028F56493005C061A /* Cell */ = {
			isa = PBXGroup;
			children = (
				0433010428F5656F005C061A /* ListsTableViewCell.swift */,
				0433010528F5656F005C061A /* ListsTableViewCell.xib */,
			);
			path = Cell;
			sourceTree = "<group>";
		};
		0433010B28F58BE8005C061A /* DetaileLists */ = {
			isa = PBXGroup;
			children = (
				0433010C28F58C16005C061A /* DetailWatchListViewController.swift */,
				0433010D28F58C16005C061A /* DetailWatchListViewController.xib */,
			);
			path = DetaileLists;
			sourceTree = "<group>";
		};
		0438CF2C2900731C0000C00E /* LibraryCell */ = {
			isa = PBXGroup;
			children = (
				0438CF372900774E0000C00E /* Cell */,
				0438CF2D2900734C0000C00E /* LibraryCollectionViewCell.swift */,
				0438CF2E2900734C0000C00E /* LibraryCollectionViewCell.xib */,
			);
			path = LibraryCell;
			sourceTree = "<group>";
		};
		0438CF372900774E0000C00E /* Cell */ = {
			isa = PBXGroup;
			children = (
				0438CF38290077660000C00E /* LibraryCollectionViewCellCell.swift */,
				0438CF39290077660000C00E /* LibraryCollectionViewCellCell.xib */,
			);
			path = Cell;
			sourceTree = "<group>";
		};
		04474D6B28FC396E00A7FC94 /* Logoutcell */ = {
			isa = PBXGroup;
			children = (
				04474D6C28FC399B00A7FC94 /* LogoutTableViewCell.swift */,
				04474D6D28FC399B00A7FC94 /* LogoutTableViewCell.xib */,
			);
			path = Logoutcell;
			sourceTree = "<group>";
		};
		04474D7F28FC8F0700A7FC94 /* Cell */ = {
			isa = PBXGroup;
			children = (
				04474D7828FC8F0000A7FC94 /* ShowMoreTableViewCell.swift */,
				04474D7928FC8F0000A7FC94 /* ShowMoreTableViewCell.xib */,
			);
			path = Cell;
			sourceTree = "<group>";
		};
		044C985328F42DBD00D09CBE /* Language */ = {
			isa = PBXGroup;
			children = (
				044C985428F42DFA00D09CBE /* Language.swift */,
				044C985C28F42E7000D09CBE /* Languages.swift */,
			);
			path = Language;
			sourceTree = "<group>";
		};
		045A3ACD286779DB000F84DE = {
			isa = PBXGroup;
			children = (
				04884744290AB33C001B555C /* README.md */,
				0419E4F528ED52DA002E657C /* FilmItem+CoreDataClass.swift */,
				0419E4F428ED52DA002E657C /* FilmItem+CoreDataProperties.swift */,
				045A3AD8286779DB000F84DE /* NetFlix */,
				045A3AEF286779DF000F84DE /* NetFlixTests */,
				045A3AFA286779DF000F84DE /* NetFlixUITests */,
				045A3AD7286779DB000F84DE /* Products */,
				C9EEB9691790A74AF60ED0C6 /* Pods */,
				1AAD171D3CD7AB68D5F40B4E /* Frameworks */,
			);
			sourceTree = "<group>";
		};
		045A3AD7286779DB000F84DE /* Products */ = {
			isa = PBXGroup;
			children = (
				045A3AD6286779DB000F84DE /* NetFlix.app */,
				045A3AEC286779DF000F84DE /* NetFlixTests.xctest */,
				045A3AF7286779DF000F84DE /* NetFlixUITests.xctest */,
			);
			name = Products;
			sourceTree = "<group>";
		};
		045A3AD8286779DB000F84DE /* NetFlix */ = {
			isa = PBXGroup;
			children = (
				044C985328F42DBD00D09CBE /* Language */,
				04F7160528F085C6002DB4C3 /* Localizable.strings */,
				046A8C5728EB2A4B0052666E /* Animation */,
				04248A7328D1919000CD0876 /* Extension */,
				0464F3F728695100008F6015 /* Manager */,
				0464F401286958B1008F6015 /* Model */,
				047C201328D07129000DB9D6 /* CustomView */,
				0464F3F82869510A008F6015 /* Controller */,
				045A3B0F28677A20000F84DE /* AppDelegate */,
				045A3AE2286779DF000F84DE /* Assets.xcassets */,
				045A3AE4286779DF000F84DE /* LaunchScreen.storyboard */,
				049AC3C128ECB34B00A00027 /* Film.xcdatamodeld */,
				044A9F2528F0942400761933 /* LocalizationSystem.swift */,
				045F5366290173E600B2D1DF /* DemoImage */,
			);
			path = NetFlix;
			sourceTree = "<group>";
		};
		045A3AEF286779DF000F84DE /* NetFlixTests */ = {
			isa = PBXGroup;
			children = (
				045A3AF0286779DF000F84DE /* NetFlixTests.swift */,
				045A3AF2286779DF000F84DE /* Info.plist */,
			);
			path = NetFlixTests;
			sourceTree = "<group>";
		};
		045A3AFA286779DF000F84DE /* NetFlixUITests */ = {
			isa = PBXGroup;
			children = (
				045A3AFB286779DF000F84DE /* NetFlixUITests.swift */,
				045A3AFD286779DF000F84DE /* Info.plist */,
			);
			path = NetFlixUITests;
			sourceTree = "<group>";
		};
		045A3B0F28677A20000F84DE /* AppDelegate */ = {
			isa = PBXGroup;
			children = (
				045A3AD9286779DB000F84DE /* AppDelegate.swift */,
				045A3AE7286779DF000F84DE /* Info.plist */,
			);
			path = AppDelegate;
			sourceTree = "<group>";
		};
		045A3B1028677A56000F84DE /* TabBarController */ = {
			isa = PBXGroup;
			children = (
				04D789E428677EF7007030DE /* DownLoad */,
				04D789D128677EAC007030DE /* Upcomming */,
				04D789D928677EE1007030DE /* Search */,
				04D789C628677E82007030DE /* HomeView */,
				045A3B1E28677BFD000F84DE /* MainTabBarViewController.swift */,
			);
			path = TabBarController;
			sourceTree = "<group>";
		};
		045F5366290173E600B2D1DF /* DemoImage */ = {
			isa = PBXGroup;
			children = (
			);
			path = DemoImage;
			sourceTree = "<group>";
		};
		045F646728FB18E8001B266E /* Carousel cell */ = {
			isa = PBXGroup;
			children = (
				045F646828FB191B001B266E /* CarouselCollectionViewCell.swift */,
				045F646928FB191B001B266E /* CarouselCollectionViewCell.xib */,
			);
			path = "Carousel cell";
			sourceTree = "<group>";
		};
		0464F3D128693F32008F6015 /* CollectionViewCell */ = {
			isa = PBXGroup;
			children = (
				0464F3EC28694CC9008F6015 /* CollectionViewCell.swift */,
				0464F3ED28694CC9008F6015 /* CollectionViewCell.xib */,
			);
			path = CollectionViewCell;
			sourceTree = "<group>";
		};
		0464F3F728695100008F6015 /* Manager */ = {
			isa = PBXGroup;
			children = (
				0419E4E628ED2E7B002E657C /* CoreData */,
				04D789EF2867808F007030DE /* APICaller.swift */,
				0457F01B28D21E4800DDE8B9 /* DataManager.swift */,
				04040AAB28E2FA5C00ABBF06 /* ImageName.swift */,
			);
			path = Manager;
			sourceTree = "<group>";
		};
		0464F3F82869510A008F6015 /* Controller */ = {
			isa = PBXGroup;
			children = (
				045A3B1028677A56000F84DE /* TabBarController */,
				04248A7A28D1D50600CD0876 /* FilmDetailPopup */,
				04A5BCB528D4CF6400B6C3DF /* Library */,
				042F893728D2D4DE00C2F1D4 /* Profile */,
				04FEB075288E557E00A88F5A /* Login */,
				04E6EB6A28F91F6100C07852 /* AleartVC */,
				04FA057328EAD7AD008628F1 /* PopupVC */,
			);
			path = Controller;
			sourceTree = "<group>";
		};
		0464F401286958B1008F6015 /* Model */ = {
			isa = PBXGroup;
			children = (
				0464F40228695CEB008F6015 /* Trending.swift */,
				0464F40F286963FE008F6015 /* Film.swift */,
				040A24BE2869AC7400F92978 /* UpComing.swift */,
				04FEB082288E645B00A88F5A /* Authentication.swift */,
				04FEB07D288E59F700A88F5A /* RequestToken.swift */,
				049C75AF288E88A700060F12 /* SessionId.swift */,
				04DA0EA628FE6010007FA70D /* LoginResponse.swift */,
				04040AC728E3008600ABBF06 /* Profile.swift */,
				04B805DF28E4476B00CE0FF5 /* StatusResponse.swift */,
				04345A3928E5A3600071E481 /* GenresResponse.swift */,
				04FA059028EAE7AC008628F1 /* ListResponse.swift */,
				0419E4E728ED3119002E657C /* YoutubeSearchResponse.swift */,
				04474D7328FC8C3200A7FC94 /* SimilarFilmResponse.swift */,
				04FAB27D29043AB300DFE74C /* MovieDetailResponse.swift */,
				04FAB2822904422F00DFE74C /* TVDetailResponse.swift */,
				04884749290ACBA4001B555C /* DetailListResponse.swift */,
			);
			path = Model;
			sourceTree = "<group>";
		};
		046A8C5728EB2A4B0052666E /* Animation */ = {
			isa = PBXGroup;
			children = (
				04FFA4DC28F7F8DF00E99543 /* View */,
				04FFA4DB28F7F8D200E99543 /* Cell */,
				04FFA4DA28F7F8B200E99543 /* Button */,
				0418F08C28F72B4F00A84C87 /* Push */,
				0418F08628F72A7100A84C87 /* Present */,
			);
			path = Animation;
			sourceTree = "<group>";
		};
		047C201328D07129000DB9D6 /* CustomView */ = {
			isa = PBXGroup;
			children = (
				04754F9228D03AC2002C5C72 /* DiscoveryButton.swift */,
				04546ADD28D1E9D2002F894B /* DetailFilmButton.swift */,
				0481B8EF28E07C440039BD7B /* CreatLabelView.swift */,
			);
			path = CustomView;
			sourceTree = "<group>";
		};
		0481B8FB28E0A3CF0039BD7B /* CollectionCell */ = {
			isa = PBXGroup;
			children = (
				0481B8F428E0A3C90039BD7B /* SearchResultCollectionViewCell.swift */,
				0481B8F528E0A3CA0039BD7B /* SearchResultCollectionViewCell.xib */,
			);
			path = CollectionCell;
			sourceTree = "<group>";
		};
		04877D4928AFD1B20025517B /* ChoseProfile */ = {
			isa = PBXGroup;
			children = (
				04877D4D28AFD1F00025517B /* ChooseProfileViewController.swift */,
				04877D4E28AFD1F00025517B /* ChooseProfileViewController.xib */,
			);
			path = ChoseProfile;
			sourceTree = "<group>";
		};
		048809A028E8091000B49099 /* SeeAllVC */ = {
			isa = PBXGroup;
			children = (
				04CCF2E428E830F90010CAD7 /* Cell */,
				048809A128E8095500B49099 /* SeeAllViewController.swift */,
				048809A228E8095500B49099 /* SeeAllViewController.xib */,
			);
			path = SeeAllVC;
			sourceTree = "<group>";
		};
		0496E31628FAC4D300E1FACC /* ChangeMode */ = {
			isa = PBXGroup;
			children = (
				0496E31728FAC4F700E1FACC /* ViewModeViewController.swift */,
				0496E31828FAC4F700E1FACC /* ViewModeViewController.xib */,
			);
			path = ChangeMode;
			sourceTree = "<group>";
		};
		04A5BCB528D4CF6400B6C3DF /* Library */ = {
			isa = PBXGroup;
			children = (
				048809A028E8091000B49099 /* SeeAllVC */,
				0438CF2C2900731C0000C00E /* LibraryCell */,
				043300F828F5633E005C061A /* List */,
				04A5BCBA28D4D06B00B6C3DF /* LibraryViewController.swift */,
				04A5BCBB28D4D06B00B6C3DF /* LibraryViewController.xib */,
				04A5BCD228D4D2E600B6C3DF /* ToggleView.swift */,
			);
			path = Library;
			sourceTree = "<group>";
		};
		04BFEB6D28EEE5EB00F1173D /* ShowMoreInfor */ = {
			isa = PBXGroup;
			children = (
				04474D7F28FC8F0700A7FC94 /* Cell */,
				04BFEB6E28EEE63700F1173D /* ShowMoreInforViewController.swift */,
				04BFEB6F28EEE63700F1173D /* ShowMoreInforViewController.xib */,
			);
			path = ShowMoreInfor;
			sourceTree = "<group>";
		};
		04CB4D0528E356C900E021EF /* ExpenableHeaderView */ = {
			isa = PBXGroup;
			children = (
				04CB4CFD28E356A600E021EF /* ExpenableHeaderView.swift */,
				04CB4CF828E3569700E021EF /* ExpenableHeaderView.xib */,
			);
			path = ExpenableHeaderView;
			sourceTree = "<group>";
		};
		04CCF2E428E830F90010CAD7 /* Cell */ = {
			isa = PBXGroup;
			children = (
				04CCF2E528E831210010CAD7 /* SeeAllCollectionViewCell.swift */,
				04CCF2E628E831210010CAD7 /* SeeAllCollectionViewCell.xib */,
			);
			path = Cell;
			sourceTree = "<group>";
		};
		04D789C628677E82007030DE /* HomeView */ = {
			isa = PBXGroup;
			children = (
				0423F2EF2869BCEB0075903B /* HomeTableViewCell */,
				04D789FF28678357007030DE /* HeaderFooter */,
				04D789C728677EA5007030DE /* HomeViewController.swift */,
				04D789C828677EA5007030DE /* HomeViewController.xib */,
			);
			path = HomeView;
			sourceTree = "<group>";
		};
		04D789D128677EAC007030DE /* Upcomming */ = {
			isa = PBXGroup;
			children = (
				0423F2DB2869B48F0075903B /* UpCommingTableViewCell */,
				04D789D228677ED6007030DE /* UpcommingViewController.swift */,
				04D789D328677ED6007030DE /* UpcommingViewController.xib */,
			);
			path = Upcomming;
			sourceTree = "<group>";
		};
		04D789D928677EE1007030DE /* Search */ = {
			isa = PBXGroup;
			children = (
				0481B8FB28E0A3CF0039BD7B /* CollectionCell */,
				04D789DA28677EF1007030DE /* SearchViewController.swift */,
				04D789DB28677EF1007030DE /* SearchViewController.xib */,
				0423F2FC2869F3750075903B /* SearchResultViewController.swift */,
				0423F2FD2869F3750075903B /* SearchResultViewController.xib */,
			);
			path = Search;
			sourceTree = "<group>";
		};
		04D789E428677EF7007030DE /* DownLoad */ = {
			isa = PBXGroup;
			children = (
				045F646728FB18E8001B266E /* Carousel cell */,
				0496E31628FAC4D300E1FACC /* ChangeMode */,
				04D789E528677F8D007030DE /* DownloadViewController.swift */,
				04D789E628677F8D007030DE /* DownloadViewController.xib */,
			);
			path = DownLoad;
			sourceTree = "<group>";
		};
		04D789FF28678357007030DE /* HeaderFooter */ = {
			isa = PBXGroup;
			children = (
				0464F3F92869513C008F6015 /* HeaderView.swift */,
				04B805F528E49A1600CE0FF5 /* TableSectionHeader.swift */,
			);
			path = HeaderFooter;
			sourceTree = "<group>";
		};
		04E6EB6A28F91F6100C07852 /* AleartVC */ = {
			isa = PBXGroup;
			children = (
				04E6EB6B28F91FE000C07852 /* ActionAlert.swift */,
				04E6EB7328F920FF00C07852 /* ActionAlertButton.swift */,
				045007BF28F956A1000D4B97 /* CustomAlertViewController.swift */,
			);
			path = AleartVC;
			sourceTree = "<group>";
		};
		04FA057328EAD7AD008628F1 /* PopupVC */ = {
			isa = PBXGroup;
			children = (
				04FA057428EAD7CD008628F1 /* PopupViewController.swift */,
			);
			path = PopupVC;
			sourceTree = "<group>";
		};
		04FA057C28EAD9A2008628F1 /* List */ = {
			isa = PBXGroup;
			children = (
				04FF71D428EC312D005A9A11 /* Cell */,
				04FA057D28EAD9CD008628F1 /* ListViewController.swift */,
				04FA057E28EAD9CD008628F1 /* ListViewController.xib */,
				04FA059528EB1107008628F1 /* AddNewListViewController.swift */,
				04FA059628EB1107008628F1 /* AddNewListViewController.xib */,
			);
			path = List;
			sourceTree = "<group>";
		};
		04FAE18B28D3647D00227F99 /* Profile */ = {
			isa = PBXGroup;
			children = (
				04474D6B28FC396E00A7FC94 /* Logoutcell */,
				04CB4D0528E356C900E021EF /* ExpenableHeaderView */,
				0484EB2728D34FB90007A268 /* ProfileViewController.swift */,
				0484EB2828D34FB90007A268 /* ProfileViewController.xib */,
			);
			path = Profile;
			sourceTree = "<group>";
		};
		04FEB075288E557E00A88F5A /* Login */ = {
			isa = PBXGroup;
			children = (
				04FEB076288E55B000A88F5A /* LoginViewController.swift */,
				04FEB077288E55B000A88F5A /* LoginViewController.xib */,
				04EF691B28DDFAF9005D5C0A /* LoginViewModel.swift */,
			);
			path = Login;
			sourceTree = "<group>";
		};
		04FF71D428EC312D005A9A11 /* Cell */ = {
			isa = PBXGroup;
			children = (
				04FF71D528EC315E005A9A11 /* ListTableViewCell.swift */,
				04FF71D628EC315E005A9A11 /* ListTableViewCell.xib */,
			);
			path = Cell;
			sourceTree = "<group>";
		};
		04FFA4DA28F7F8B200E99543 /* Button */ = {
			isa = PBXGroup;
			children = (
				0448E54328F7D15400461086 /* ShakeButton.swift */,
				04FD785828F85B4700F318FB /* CircleButton.swift */,
			);
			path = Button;
			sourceTree = "<group>";
		};
		04FFA4DB28F7F8D200E99543 /* Cell */ = {
			isa = PBXGroup;
			children = (
				0418F04128F6B92100A84C87 /* DisplayTableCell.swift */,
				0418F04928F6BC1F00A84C87 /* DisplayCollectionCell.swift */,
			);
			path = Cell;
			sourceTree = "<group>";
		};
		04FFA4DC28F7F8DF00E99543 /* View */ = {
			isa = PBXGroup;
			children = (
				0418F04E28F6BDF800A84C87 /* LoadingTextView.swift */,
			);
			path = View;
			sourceTree = "<group>";
		};
		1AAD171D3CD7AB68D5F40B4E /* Frameworks */ = {
			isa = PBXGroup;
			children = (
				46DA7761C3C28D514A2CDCAA /* Pods_NetFlix.framework */,
			);
			name = Frameworks;
			sourceTree = "<group>";
		};
		C9EEB9691790A74AF60ED0C6 /* Pods */ = {
			isa = PBXGroup;
			children = (
				3DBDA174A7674E99DDD03E85 /* Pods-NetFlix.debug.xcconfig */,
				F77D0458C4297D5925FCD447 /* Pods-NetFlix.release.xcconfig */,
			);
			path = Pods;
			sourceTree = "<group>";
		};
/* End PBXGroup section */

/* Begin PBXNativeTarget section */
		045A3AD5286779DB000F84DE /* NetFlix */ = {
			isa = PBXNativeTarget;
			buildConfigurationList = 045A3B00286779DF000F84DE /* Build configuration list for PBXNativeTarget "NetFlix" */;
			buildPhases = (
				402EFC4890DCE4CC4C1B29C3 /* [CP] Check Pods Manifest.lock */,
				045A3AD2286779DB000F84DE /* Sources */,
				045A3AD3286779DB000F84DE /* Frameworks */,
				045A3AD4286779DB000F84DE /* Resources */,
				53399780F7455E45992F7A9E /* [CP] Embed Pods Frameworks */,
			);
			buildRules = (
			);
			dependencies = (
			);
			name = NetFlix;
			productName = NetFlix;
			productReference = 045A3AD6286779DB000F84DE /* NetFlix.app */;
			productType = "com.apple.product-type.application";
		};
		045A3AEB286779DF000F84DE /* NetFlixTests */ = {
			isa = PBXNativeTarget;
			buildConfigurationList = 045A3B03286779DF000F84DE /* Build configuration list for PBXNativeTarget "NetFlixTests" */;
			buildPhases = (
				045A3AE8286779DF000F84DE /* Sources */,
				045A3AE9286779DF000F84DE /* Frameworks */,
				045A3AEA286779DF000F84DE /* Resources */,
			);
			buildRules = (
			);
			dependencies = (
				045A3AEE286779DF000F84DE /* PBXTargetDependency */,
			);
			name = NetFlixTests;
			productName = NetFlixTests;
			productReference = 045A3AEC286779DF000F84DE /* NetFlixTests.xctest */;
			productType = "com.apple.product-type.bundle.unit-test";
		};
		045A3AF6286779DF000F84DE /* NetFlixUITests */ = {
			isa = PBXNativeTarget;
			buildConfigurationList = 045A3B06286779DF000F84DE /* Build configuration list for PBXNativeTarget "NetFlixUITests" */;
			buildPhases = (
				045A3AF3286779DF000F84DE /* Sources */,
				045A3AF4286779DF000F84DE /* Frameworks */,
				045A3AF5286779DF000F84DE /* Resources */,
			);
			buildRules = (
			);
			dependencies = (
				045A3AF9286779DF000F84DE /* PBXTargetDependency */,
			);
			name = NetFlixUITests;
			productName = NetFlixUITests;
			productReference = 045A3AF7286779DF000F84DE /* NetFlixUITests.xctest */;
			productType = "com.apple.product-type.bundle.ui-testing";
		};
/* End PBXNativeTarget section */

/* Begin PBXProject section */
		045A3ACE286779DB000F84DE /* Project object */ = {
			isa = PBXProject;
			attributes = {
				LastSwiftUpdateCheck = 1240;
				LastUpgradeCheck = 1240;
				TargetAttributes = {
					045A3AD5286779DB000F84DE = {
						CreatedOnToolsVersion = 12.4;
					};
					045A3AEB286779DF000F84DE = {
						CreatedOnToolsVersion = 12.4;
						TestTargetID = 045A3AD5286779DB000F84DE;
					};
					045A3AF6286779DF000F84DE = {
						CreatedOnToolsVersion = 12.4;
						TestTargetID = 045A3AD5286779DB000F84DE;
					};
				};
			};
			buildConfigurationList = 045A3AD1286779DB000F84DE /* Build configuration list for PBXProject "NetFlix" */;
			compatibilityVersion = "Xcode 12.0";
			developmentRegion = en;
			hasScannedForEncodings = 0;
			knownRegions = (
				en,
				Base,
				vi,
			);
			mainGroup = 045A3ACD286779DB000F84DE;
			productRefGroup = 045A3AD7286779DB000F84DE /* Products */;
			projectDirPath = "";
			projectRoot = "";
			targets = (
				045A3AD5286779DB000F84DE /* NetFlix */,
				045A3AEB286779DF000F84DE /* NetFlixTests */,
				045A3AF6286779DF000F84DE /* NetFlixUITests */,
			);
		};
/* End PBXProject section */

/* Begin PBXResourcesBuildPhase section */
		045A3AD4286779DB000F84DE /* Resources */ = {
			isa = PBXResourcesBuildPhase;
			buildActionMask = 2147483647;
			files = (
				0484EB2A28D34FB90007A268 /* ProfileViewController.xib in Resources */,
				0433010728F5656F005C061A /* ListsTableViewCell.xib in Resources */,
				0464F3E828694C95008F6015 /* CollectionTableViewCell.xib in Resources */,
				04877D5028AFD1F00025517B /* ChooseProfileViewController.xib in Resources */,
				04FF71D828EC315E005A9A11 /* ListTableViewCell.xib in Resources */,
				04FA058028EAD9CD008628F1 /* ListViewController.xib in Resources */,
				045A3AE6286779DF000F84DE /* LaunchScreen.storyboard in Resources */,
				04FEB079288E55B000A88F5A /* LoginViewController.xib in Resources */,
				045A3AE3286779DF000F84DE /* Assets.xcassets in Resources */,
				0433010F28F58C16005C061A /* DetailWatchListViewController.xib in Resources */,
				048809A428E8095500B49099 /* SeeAllViewController.xib in Resources */,
				045F646B28FB191C001B266E /* CarouselCollectionViewCell.xib in Resources */,
				04D789E828677F8D007030DE /* DownloadViewController.xib in Resources */,
				0438CF302900734C0000C00E /* LibraryCollectionViewCell.xib in Resources */,
				043300FC28F56475005C061A /* ListsViewController.xib in Resources */,
				04D789D528677ED7007030DE /* UpcommingViewController.xib in Resources */,
				04474D7B28FC8F0000A7FC94 /* ShowMoreTableViewCell.xib in Resources */,
				04884745290AB33C001B555C /* README.md in Resources */,
				04FA059828EB1107008628F1 /* AddNewListViewController.xib in Resources */,
				0419E4F028ED3238002E657C /* PlayerViewController.xib in Resources */,
				0423F2FF2869F3750075903B /* SearchResultViewController.xib in Resources */,
				04248A7E28D1D52500CD0876 /* FilmDetailPopUpViewController.xib in Resources */,
				0423F2DF2869B4B00075903B /* UpCommingTableViewCell.xib in Resources */,
				04CB4CF928E3569700E021EF /* ExpenableHeaderView.xib in Resources */,
				0496E31A28FAC4F700E1FACC /* ViewModeViewController.xib in Resources */,
				04A5BCBD28D4D06B00B6C3DF /* LibraryViewController.xib in Resources */,
				04474D6F28FC399B00A7FC94 /* LogoutTableViewCell.xib in Resources */,
				0438CF3B290077660000C00E /* LibraryCollectionViewCellCell.xib in Resources */,
				0481B8F728E0A3CA0039BD7B /* SearchResultCollectionViewCell.xib in Resources */,
				04CCF2E828E831210010CAD7 /* SeeAllCollectionViewCell.xib in Resources */,
				04BFEB7128EEE63700F1173D /* ShowMoreInforViewController.xib in Resources */,
				04D789DD28677EF1007030DE /* SearchViewController.xib in Resources */,
				04F7160328F085C6002DB4C3 /* Localizable.strings in Resources */,
				0464F3EF28694CC9008F6015 /* CollectionViewCell.xib in Resources */,
				04D789CA28677EA5007030DE /* HomeViewController.xib in Resources */,
			);
			runOnlyForDeploymentPostprocessing = 0;
		};
		045A3AEA286779DF000F84DE /* Resources */ = {
			isa = PBXResourcesBuildPhase;
			buildActionMask = 2147483647;
			files = (
			);
			runOnlyForDeploymentPostprocessing = 0;
		};
		045A3AF5286779DF000F84DE /* Resources */ = {
			isa = PBXResourcesBuildPhase;
			buildActionMask = 2147483647;
			files = (
			);
			runOnlyForDeploymentPostprocessing = 0;
		};
/* End PBXResourcesBuildPhase section */

/* Begin PBXShellScriptBuildPhase section */
		402EFC4890DCE4CC4C1B29C3 /* [CP] Check Pods Manifest.lock */ = {
			isa = PBXShellScriptBuildPhase;
			buildActionMask = 2147483647;
			files = (
			);
			inputFileListPaths = (
			);
			inputPaths = (
				"${PODS_PODFILE_DIR_PATH}/Podfile.lock",
				"${PODS_ROOT}/Manifest.lock",
			);
			name = "[CP] Check Pods Manifest.lock";
			outputFileListPaths = (
			);
			outputPaths = (
				"$(DERIVED_FILE_DIR)/Pods-NetFlix-checkManifestLockResult.txt",
			);
			runOnlyForDeploymentPostprocessing = 0;
			shellPath = /bin/sh;
			shellScript = "diff \"${PODS_PODFILE_DIR_PATH}/Podfile.lock\" \"${PODS_ROOT}/Manifest.lock\" > /dev/null\nif [ $? != 0 ] ; then\n    # print error to STDERR\n    echo \"error: The sandbox is not in sync with the Podfile.lock. Run 'pod install' or update your CocoaPods installation.\" >&2\n    exit 1\nfi\n# This output is used by Xcode 'outputs' to avoid re-running this script phase.\necho \"SUCCESS\" > \"${SCRIPT_OUTPUT_FILE_0}\"\n";
			showEnvVarsInLog = 0;
		};
		53399780F7455E45992F7A9E /* [CP] Embed Pods Frameworks */ = {
			isa = PBXShellScriptBuildPhase;
			buildActionMask = 2147483647;
			files = (
			);
			inputFileListPaths = (
				"${PODS_ROOT}/Target Support Files/Pods-NetFlix/Pods-NetFlix-frameworks-${CONFIGURATION}-input-files.xcfilelist",
			);
			name = "[CP] Embed Pods Frameworks";
			outputFileListPaths = (
				"${PODS_ROOT}/Target Support Files/Pods-NetFlix/Pods-NetFlix-frameworks-${CONFIGURATION}-output-files.xcfilelist",
			);
			runOnlyForDeploymentPostprocessing = 0;
			shellPath = /bin/sh;
			shellScript = "\"${PODS_ROOT}/Target Support Files/Pods-NetFlix/Pods-NetFlix-frameworks.sh\"\n";
			showEnvVarsInLog = 0;
		};
/* End PBXShellScriptBuildPhase section */

/* Begin PBXSourcesBuildPhase section */
		045A3AD2286779DB000F84DE /* Sources */ = {
			isa = PBXSourcesBuildPhase;
			buildActionMask = 2147483647;
			files = (
				04FA059128EAE7AC008628F1 /* ListResponse.swift in Sources */,
				04D789DC28677EF1007030DE /* SearchViewController.swift in Sources */,
				04248A7D28D1D52500CD0876 /* FilmDetailPopUpViewController.swift in Sources */,
				045A3ADA286779DB000F84DE /* AppDelegate.swift in Sources */,
				0448E54428F7D15400461086 /* ShakeButton.swift in Sources */,
				04FAB2832904422F00DFE74C /* TVDetailResponse.swift in Sources */,
				0464F410286963FE008F6015 /* Film.swift in Sources */,
				0419E4EF28ED3238002E657C /* PlayerViewController.swift in Sources */,
				04248A7528D191AC00CD0876 /* UIView-Extension.swift in Sources */,
				04FA059728EB1107008628F1 /* AddNewListViewController.swift in Sources */,
				04FF71D728EC315E005A9A11 /* ListTableViewCell.swift in Sources */,
				043300FB28F56475005C061A /* ListsViewController.swift in Sources */,
				0438CF2F2900734C0000C00E /* LibraryCollectionViewCell.swift in Sources */,
				0418F04228F6B92100A84C87 /* DisplayTableCell.swift in Sources */,
				04040AAC28E2FA5C00ABBF06 /* ImageName.swift in Sources */,
				049AC3C828ECB68200A00027 /* DataPersistenceManager.swift in Sources */,
				0423F2DE2869B4B00075903B /* UpCommingTableViewCell.swift in Sources */,
				044A9F2628F0942400761933 /* LocalizationSystem.swift in Sources */,
				0418F04A28F6BC1F00A84C87 /* DisplayCollectionCell.swift in Sources */,
				04754F9328D03AC2002C5C72 /* DiscoveryButton.swift in Sources */,
				040A24BF2869AC7400F92978 /* UpComing.swift in Sources */,
				046A8C5928EB2A760052666E /* SimpleTransform.swift in Sources */,
				04040AC828E3008600ABBF06 /* Profile.swift in Sources */,
				04EF691C28DDFAF9005D5C0A /* LoginViewModel.swift in Sources */,
				04FAB27E29043AB300DFE74C /* MovieDetailResponse.swift in Sources */,
				0464F40328695CEB008F6015 /* Trending.swift in Sources */,
				043B35F628E7048000340D1D /* UIImageView-Extension.swift in Sources */,
				044C985528F42DFA00D09CBE /* Language.swift in Sources */,
				0464F3EE28694CC9008F6015 /* CollectionViewCell.swift in Sources */,
				04DA0EA728FE6010007FA70D /* LoginResponse.swift in Sources */,
				04A5BCBC28D4D06B00B6C3DF /* LibraryViewController.swift in Sources */,
				0418F08E28F72B7800A84C87 /* NavigationDelegate.swift in Sources */,
				0423F2FE2869F3750075903B /* SearchResultViewController.swift in Sources */,
				0484EB2928D34FB90007A268 /* ProfileViewController.swift in Sources */,
				045A3B1F28677BFD000F84DE /* MainTabBarViewController.swift in Sources */,
				04D789F02867808F007030DE /* APICaller.swift in Sources */,
				0419E4F628ED52DA002E657C /* FilmItem+CoreDataProperties.swift in Sources */,
				049C75B0288E88A700060F12 /* SessionId.swift in Sources */,
				04B805E528E44ABC00CE0FF5 /* UiviewController-Extension.swift in Sources */,
				04FA057F28EAD9CD008628F1 /* ListViewController.swift in Sources */,
				04CCF2E728E831210010CAD7 /* SeeAllCollectionViewCell.swift in Sources */,
				0433010628F5656F005C061A /* ListsTableViewCell.swift in Sources */,
				045F646A28FB191C001B266E /* CarouselCollectionViewCell.swift in Sources */,
				04474D6E28FC399B00A7FC94 /* LogoutTableViewCell.swift in Sources */,
				0464F3FA2869513C008F6015 /* HeaderView.swift in Sources */,
				04546ADE28D1E9D2002F894B /* DetailFilmButton.swift in Sources */,
				04FD785928F85B4700F318FB /* CircleButton.swift in Sources */,
				04474D7A28FC8F0000A7FC94 /* ShowMoreTableViewCell.swift in Sources */,
				047ED7B728E014950006F6B3 /* String-Extension.swift in Sources */,
				049AC3C328ECB34B00A00027 /* Film.xcdatamodeld in Sources */,
				04B805E028E4476B00CE0FF5 /* StatusResponse.swift in Sources */,
				04CB4CFE28E356A600E021EF /* ExpenableHeaderView.swift in Sources */,
				04040AB428E2FBF100ABBF06 /* UIFont-Extensiont.swift in Sources */,
				04474D7428FC8C3200A7FC94 /* SimilarFilmResponse.swift in Sources */,
				04E6EB7428F920FF00C07852 /* ActionAlertButton.swift in Sources */,
				04B805F628E49A1600CE0FF5 /* TableSectionHeader.swift in Sources */,
				0418F04F28F6BDF800A84C87 /* LoadingTextView.swift in Sources */,
				04345A3A28E5A3600071E481 /* GenresResponse.swift in Sources */,
				04FB5C2C28EE864D006FB26A /* UIColor-Extension.swift in Sources */,
				0419E4F728ED52DA002E657C /* FilmItem+CoreDataClass.swift in Sources */,
				0496E31928FAC4F700E1FACC /* ViewModeViewController.swift in Sources */,
				04E6EB6C28F91FE000C07852 /* ActionAlert.swift in Sources */,
				0457F01C28D21E4800DDE8B9 /* DataManager.swift in Sources */,
				04A5BCD328D4D2E600B6C3DF /* ToggleView.swift in Sources */,
				048809A328E8095500B49099 /* SeeAllViewController.swift in Sources */,
				04D789D428677ED6007030DE /* UpcommingViewController.swift in Sources */,
				04FEB07E288E59F700A88F5A /* RequestToken.swift in Sources */,
				0419E4E828ED3119002E657C /* YoutubeSearchResponse.swift in Sources */,
				0481B8F028E07C440039BD7B /* CreatLabelView.swift in Sources */,
				045007C028F956A1000D4B97 /* CustomAlertViewController.swift in Sources */,
				04FEB078288E55B000A88F5A /* LoginViewController.swift in Sources */,
				0433010E28F58C16005C061A /* DetailWatchListViewController.swift in Sources */,
				044C985D28F42E7000D09CBE /* Languages.swift in Sources */,
				04D789E728677F8D007030DE /* DownloadViewController.swift in Sources */,
				043300F128F54E41005C061A /* SimpleOver.swift in Sources */,
				0418F08828F72A8B00A84C87 /* TransitionDelegate.swift in Sources */,
				0488474A290ACBA4001B555C /* DetailListResponse.swift in Sources */,
				04D789C928677EA5007030DE /* HomeViewController.swift in Sources */,
				0481B8F628E0A3CA0039BD7B /* SearchResultCollectionViewCell.swift in Sources */,
				04BFEB7028EEE63700F1173D /* ShowMoreInforViewController.swift in Sources */,
				0464F3E728694C95008F6015 /* CollectionTableViewCell.swift in Sources */,
				0438CF3A290077660000C00E /* LibraryCollectionViewCellCell.swift in Sources */,
				04FEB083288E645B00A88F5A /* Authentication.swift in Sources */,
				04877D4F28AFD1F00025517B /* ChooseProfileViewController.swift in Sources */,
				04FA057528EAD7CD008628F1 /* PopupViewController.swift in Sources */,
			);
			runOnlyForDeploymentPostprocessing = 0;
		};
		045A3AE8286779DF000F84DE /* Sources */ = {
			isa = PBXSourcesBuildPhase;
			buildActionMask = 2147483647;
			files = (
				045A3AF1286779DF000F84DE /* NetFlixTests.swift in Sources */,
			);
			runOnlyForDeploymentPostprocessing = 0;
		};
		045A3AF3286779DF000F84DE /* Sources */ = {
			isa = PBXSourcesBuildPhase;
			buildActionMask = 2147483647;
			files = (
				045A3AFC286779DF000F84DE /* NetFlixUITests.swift in Sources */,
			);
			runOnlyForDeploymentPostprocessing = 0;
		};
/* End PBXSourcesBuildPhase section */

/* Begin PBXTargetDependency section */
		045A3AEE286779DF000F84DE /* PBXTargetDependency */ = {
			isa = PBXTargetDependency;
			target = 045A3AD5286779DB000F84DE /* NetFlix */;
			targetProxy = 045A3AED286779DF000F84DE /* PBXContainerItemProxy */;
		};
		045A3AF9286779DF000F84DE /* PBXTargetDependency */ = {
			isa = PBXTargetDependency;
			target = 045A3AD5286779DB000F84DE /* NetFlix */;
			targetProxy = 045A3AF8286779DF000F84DE /* PBXContainerItemProxy */;
		};
/* End PBXTargetDependency section */

/* Begin PBXVariantGroup section */
		045A3AE4286779DF000F84DE /* LaunchScreen.storyboard */ = {
			isa = PBXVariantGroup;
			children = (
				045A3AE5286779DF000F84DE /* Base */,
			);
			name = LaunchScreen.storyboard;
			sourceTree = "<group>";
		};
		04F7160528F085C6002DB4C3 /* Localizable.strings */ = {
			isa = PBXVariantGroup;
			children = (
				04F7160428F085C6002DB4C3 /* en */,
				04F7160928F08612002DB4C3 /* vi */,
			);
			name = Localizable.strings;
			sourceTree = "<group>";
		};
/* End PBXVariantGroup section */

/* Begin XCBuildConfiguration section */
		045A3AFE286779DF000F84DE /* Debug */ = {
			isa = XCBuildConfiguration;
			buildSettings = {
				ALWAYS_SEARCH_USER_PATHS = NO;
				CLANG_ANALYZER_LOCALIZABILITY_NONLOCALIZED = YES;
				CLANG_ANALYZER_NONNULL = YES;
				CLANG_ANALYZER_NUMBER_OBJECT_CONVERSION = YES_AGGRESSIVE;
				CLANG_CXX_LANGUAGE_STANDARD = "gnu++14";
				CLANG_CXX_LIBRARY = "libc++";
				CLANG_ENABLE_MODULES = YES;
				CLANG_ENABLE_OBJC_ARC = YES;
				CLANG_ENABLE_OBJC_WEAK = YES;
				CLANG_WARN_BLOCK_CAPTURE_AUTORELEASING = YES;
				CLANG_WARN_BOOL_CONVERSION = YES;
				CLANG_WARN_COMMA = YES;
				CLANG_WARN_CONSTANT_CONVERSION = YES;
				CLANG_WARN_DEPRECATED_OBJC_IMPLEMENTATIONS = YES;
				CLANG_WARN_DIRECT_OBJC_ISA_USAGE = YES_ERROR;
				CLANG_WARN_DOCUMENTATION_COMMENTS = YES;
				CLANG_WARN_EMPTY_BODY = YES;
				CLANG_WARN_ENUM_CONVERSION = YES;
				CLANG_WARN_INFINITE_RECURSION = YES;
				CLANG_WARN_INT_CONVERSION = YES;
				CLANG_WARN_NON_LITERAL_NULL_CONVERSION = YES;
				CLANG_WARN_OBJC_IMPLICIT_RETAIN_SELF = YES;
				CLANG_WARN_OBJC_LITERAL_CONVERSION = YES;
				CLANG_WARN_OBJC_ROOT_CLASS = YES_ERROR;
				CLANG_WARN_QUOTED_INCLUDE_IN_FRAMEWORK_HEADER = YES;
				CLANG_WARN_RANGE_LOOP_ANALYSIS = YES;
				CLANG_WARN_STRICT_PROTOTYPES = YES;
				CLANG_WARN_SUSPICIOUS_MOVE = YES;
				CLANG_WARN_UNGUARDED_AVAILABILITY = YES_AGGRESSIVE;
				CLANG_WARN_UNREACHABLE_CODE = YES;
				CLANG_WARN__DUPLICATE_METHOD_MATCH = YES;
				COPY_PHASE_STRIP = NO;
				DEBUG_INFORMATION_FORMAT = dwarf;
				ENABLE_STRICT_OBJC_MSGSEND = YES;
				ENABLE_TESTABILITY = YES;
				GCC_C_LANGUAGE_STANDARD = gnu11;
				GCC_DYNAMIC_NO_PIC = NO;
				GCC_NO_COMMON_BLOCKS = YES;
				GCC_OPTIMIZATION_LEVEL = 0;
				GCC_PREPROCESSOR_DEFINITIONS = (
					"DEBUG=1",
					"$(inherited)",
				);
				GCC_WARN_64_TO_32_BIT_CONVERSION = YES;
				GCC_WARN_ABOUT_RETURN_TYPE = YES_ERROR;
				GCC_WARN_UNDECLARED_SELECTOR = YES;
				GCC_WARN_UNINITIALIZED_AUTOS = YES_AGGRESSIVE;
				GCC_WARN_UNUSED_FUNCTION = YES;
				GCC_WARN_UNUSED_VARIABLE = YES;
				IPHONEOS_DEPLOYMENT_TARGET = 14.4;
				MTL_ENABLE_DEBUG_INFO = INCLUDE_SOURCE;
				MTL_FAST_MATH = YES;
				ONLY_ACTIVE_ARCH = YES;
				SDKROOT = iphoneos;
				SWIFT_ACTIVE_COMPILATION_CONDITIONS = DEBUG;
				SWIFT_OPTIMIZATION_LEVEL = "-Onone";
			};
			name = Debug;
		};
		045A3AFF286779DF000F84DE /* Release */ = {
			isa = XCBuildConfiguration;
			buildSettings = {
				ALWAYS_SEARCH_USER_PATHS = NO;
				CLANG_ANALYZER_LOCALIZABILITY_NONLOCALIZED = YES;
				CLANG_ANALYZER_NONNULL = YES;
				CLANG_ANALYZER_NUMBER_OBJECT_CONVERSION = YES_AGGRESSIVE;
				CLANG_CXX_LANGUAGE_STANDARD = "gnu++14";
				CLANG_CXX_LIBRARY = "libc++";
				CLANG_ENABLE_MODULES = YES;
				CLANG_ENABLE_OBJC_ARC = YES;
				CLANG_ENABLE_OBJC_WEAK = YES;
				CLANG_WARN_BLOCK_CAPTURE_AUTORELEASING = YES;
				CLANG_WARN_BOOL_CONVERSION = YES;
				CLANG_WARN_COMMA = YES;
				CLANG_WARN_CONSTANT_CONVERSION = YES;
				CLANG_WARN_DEPRECATED_OBJC_IMPLEMENTATIONS = YES;
				CLANG_WARN_DIRECT_OBJC_ISA_USAGE = YES_ERROR;
				CLANG_WARN_DOCUMENTATION_COMMENTS = YES;
				CLANG_WARN_EMPTY_BODY = YES;
				CLANG_WARN_ENUM_CONVERSION = YES;
				CLANG_WARN_INFINITE_RECURSION = YES;
				CLANG_WARN_INT_CONVERSION = YES;
				CLANG_WARN_NON_LITERAL_NULL_CONVERSION = YES;
				CLANG_WARN_OBJC_IMPLICIT_RETAIN_SELF = YES;
				CLANG_WARN_OBJC_LITERAL_CONVERSION = YES;
				CLANG_WARN_OBJC_ROOT_CLASS = YES_ERROR;
				CLANG_WARN_QUOTED_INCLUDE_IN_FRAMEWORK_HEADER = YES;
				CLANG_WARN_RANGE_LOOP_ANALYSIS = YES;
				CLANG_WARN_STRICT_PROTOTYPES = YES;
				CLANG_WARN_SUSPICIOUS_MOVE = YES;
				CLANG_WARN_UNGUARDED_AVAILABILITY = YES_AGGRESSIVE;
				CLANG_WARN_UNREACHABLE_CODE = YES;
				CLANG_WARN__DUPLICATE_METHOD_MATCH = YES;
				COPY_PHASE_STRIP = NO;
				DEBUG_INFORMATION_FORMAT = "dwarf-with-dsym";
				ENABLE_NS_ASSERTIONS = NO;
				ENABLE_STRICT_OBJC_MSGSEND = YES;
				GCC_C_LANGUAGE_STANDARD = gnu11;
				GCC_NO_COMMON_BLOCKS = YES;
				GCC_WARN_64_TO_32_BIT_CONVERSION = YES;
				GCC_WARN_ABOUT_RETURN_TYPE = YES_ERROR;
				GCC_WARN_UNDECLARED_SELECTOR = YES;
				GCC_WARN_UNINITIALIZED_AUTOS = YES_AGGRESSIVE;
				GCC_WARN_UNUSED_FUNCTION = YES;
				GCC_WARN_UNUSED_VARIABLE = YES;
				IPHONEOS_DEPLOYMENT_TARGET = 14.4;
				MTL_ENABLE_DEBUG_INFO = NO;
				MTL_FAST_MATH = YES;
				SDKROOT = iphoneos;
				SWIFT_COMPILATION_MODE = wholemodule;
				SWIFT_OPTIMIZATION_LEVEL = "-O";
				VALIDATE_PRODUCT = YES;
			};
			name = Release;
		};
		045A3B01286779DF000F84DE /* Debug */ = {
			isa = XCBuildConfiguration;
			baseConfigurationReference = 3DBDA174A7674E99DDD03E85 /* Pods-NetFlix.debug.xcconfig */;
			buildSettings = {
				ASSETCATALOG_COMPILER_APPICON_NAME = AppIcon;
				ASSETCATALOG_COMPILER_GLOBAL_ACCENT_COLOR_NAME = AccentColor;
				CODE_SIGN_STYLE = Automatic;
				INFOPLIST_FILE = NetFlix/AppDelegate/Info.plist;
				LD_RUNPATH_SEARCH_PATHS = (
					"$(inherited)",
					"@executable_path/Frameworks",
				);
				PRODUCT_BUNDLE_IDENTIFIER = b.NetFlix;
				PRODUCT_NAME = "$(TARGET_NAME)";
				SWIFT_VERSION = 5.0;
				TARGETED_DEVICE_FAMILY = "1,2";
			};
			name = Debug;
		};
		045A3B02286779DF000F84DE /* Release */ = {
			isa = XCBuildConfiguration;
			baseConfigurationReference = F77D0458C4297D5925FCD447 /* Pods-NetFlix.release.xcconfig */;
			buildSettings = {
				ASSETCATALOG_COMPILER_APPICON_NAME = AppIcon;
				ASSETCATALOG_COMPILER_GLOBAL_ACCENT_COLOR_NAME = AccentColor;
				CODE_SIGN_STYLE = Automatic;
				INFOPLIST_FILE = NetFlix/AppDelegate/Info.plist;
				LD_RUNPATH_SEARCH_PATHS = (
					"$(inherited)",
					"@executable_path/Frameworks",
				);
				PRODUCT_BUNDLE_IDENTIFIER = b.NetFlix;
				PRODUCT_NAME = "$(TARGET_NAME)";
				SWIFT_VERSION = 5.0;
				TARGETED_DEVICE_FAMILY = "1,2";
			};
			name = Release;
		};
		045A3B04286779DF000F84DE /* Debug */ = {
			isa = XCBuildConfiguration;
			buildSettings = {
				ALWAYS_EMBED_SWIFT_STANDARD_LIBRARIES = YES;
				BUNDLE_LOADER = "$(TEST_HOST)";
				CODE_SIGN_STYLE = Automatic;
				INFOPLIST_FILE = NetFlixTests/Info.plist;
				IPHONEOS_DEPLOYMENT_TARGET = 14.4;
				LD_RUNPATH_SEARCH_PATHS = (
					"$(inherited)",
					"@executable_path/Frameworks",
					"@loader_path/Frameworks",
				);
				PRODUCT_BUNDLE_IDENTIFIER = b.NetFlixTests;
				PRODUCT_NAME = "$(TARGET_NAME)";
				SWIFT_VERSION = 5.0;
				TARGETED_DEVICE_FAMILY = "1,2";
				TEST_HOST = "$(BUILT_PRODUCTS_DIR)/NetFlix.app/NetFlix";
			};
			name = Debug;
		};
		045A3B05286779DF000F84DE /* Release */ = {
			isa = XCBuildConfiguration;
			buildSettings = {
				ALWAYS_EMBED_SWIFT_STANDARD_LIBRARIES = YES;
				BUNDLE_LOADER = "$(TEST_HOST)";
				CODE_SIGN_STYLE = Automatic;
				INFOPLIST_FILE = NetFlixTests/Info.plist;
				IPHONEOS_DEPLOYMENT_TARGET = 14.4;
				LD_RUNPATH_SEARCH_PATHS = (
					"$(inherited)",
					"@executable_path/Frameworks",
					"@loader_path/Frameworks",
				);
				PRODUCT_BUNDLE_IDENTIFIER = b.NetFlixTests;
				PRODUCT_NAME = "$(TARGET_NAME)";
				SWIFT_VERSION = 5.0;
				TARGETED_DEVICE_FAMILY = "1,2";
				TEST_HOST = "$(BUILT_PRODUCTS_DIR)/NetFlix.app/NetFlix";
			};
			name = Release;
		};
		045A3B07286779DF000F84DE /* Debug */ = {
			isa = XCBuildConfiguration;
			buildSettings = {
				ALWAYS_EMBED_SWIFT_STANDARD_LIBRARIES = YES;
				CODE_SIGN_STYLE = Automatic;
				INFOPLIST_FILE = NetFlixUITests/Info.plist;
				LD_RUNPATH_SEARCH_PATHS = (
					"$(inherited)",
					"@executable_path/Frameworks",
					"@loader_path/Frameworks",
				);
				PRODUCT_BUNDLE_IDENTIFIER = b.NetFlixUITests;
				PRODUCT_NAME = "$(TARGET_NAME)";
				SWIFT_VERSION = 5.0;
				TARGETED_DEVICE_FAMILY = "1,2";
				TEST_TARGET_NAME = NetFlix;
			};
			name = Debug;
		};
		045A3B08286779DF000F84DE /* Release */ = {
			isa = XCBuildConfiguration;
			buildSettings = {
				ALWAYS_EMBED_SWIFT_STANDARD_LIBRARIES = YES;
				CODE_SIGN_STYLE = Automatic;
				INFOPLIST_FILE = NetFlixUITests/Info.plist;
				LD_RUNPATH_SEARCH_PATHS = (
					"$(inherited)",
					"@executable_path/Frameworks",
					"@loader_path/Frameworks",
				);
				PRODUCT_BUNDLE_IDENTIFIER = b.NetFlixUITests;
				PRODUCT_NAME = "$(TARGET_NAME)";
				SWIFT_VERSION = 5.0;
				TARGETED_DEVICE_FAMILY = "1,2";
				TEST_TARGET_NAME = NetFlix;
			};
			name = Release;
		};
/* End XCBuildConfiguration section */

/* Begin XCConfigurationList section */
		045A3AD1286779DB000F84DE /* Build configuration list for PBXProject "NetFlix" */ = {
			isa = XCConfigurationList;
			buildConfigurations = (
				045A3AFE286779DF000F84DE /* Debug */,
				045A3AFF286779DF000F84DE /* Release */,
			);
			defaultConfigurationIsVisible = 0;
			defaultConfigurationName = Release;
		};
		045A3B00286779DF000F84DE /* Build configuration list for PBXNativeTarget "NetFlix" */ = {
			isa = XCConfigurationList;
			buildConfigurations = (
				045A3B01286779DF000F84DE /* Debug */,
				045A3B02286779DF000F84DE /* Release */,
			);
			defaultConfigurationIsVisible = 0;
			defaultConfigurationName = Release;
		};
		045A3B03286779DF000F84DE /* Build configuration list for PBXNativeTarget "NetFlixTests" */ = {
			isa = XCConfigurationList;
			buildConfigurations = (
				045A3B04286779DF000F84DE /* Debug */,
				045A3B05286779DF000F84DE /* Release */,
			);
			defaultConfigurationIsVisible = 0;
			defaultConfigurationName = Release;
		};
		045A3B06286779DF000F84DE /* Build configuration list for PBXNativeTarget "NetFlixUITests" */ = {
			isa = XCConfigurationList;
			buildConfigurations = (
				045A3B07286779DF000F84DE /* Debug */,
				045A3B08286779DF000F84DE /* Release */,
			);
			defaultConfigurationIsVisible = 0;
			defaultConfigurationName = Release;
		};
/* End XCConfigurationList section */

/* Begin XCVersionGroup section */
		049AC3C128ECB34B00A00027 /* Film.xcdatamodeld */ = {
			isa = XCVersionGroup;
			children = (
				049AC3C228ECB34B00A00027 /* Film.xcdatamodel */,
			);
			currentVersion = 049AC3C228ECB34B00A00027 /* Film.xcdatamodel */;
			path = Film.xcdatamodeld;
			sourceTree = "<group>";
			versionGroupType = wrapper.xcdatamodel;
		};
/* End XCVersionGroup section */
	};
	rootObject = 045A3ACE286779DB000F84DE /* Project object */;
}
